PODS:
  - Alamofire (3.4.0)
  - DGElasticPullToRefresh (1.0.3)
  - ObjectMapper (1.3.0)
  - SwiftyJSON (2.3.2)
  - UIScrollView-InfiniteScroll (0.7.3)

DEPENDENCIES:
  - Alamofire (~> 3.4)
  - DGElasticPullToRefresh
  - ObjectMapper (~> 1.3)
  - SwiftyJSON (from `https://github.com/SwiftyJSON/SwiftyJSON.git`)
  - UIScrollView-InfiniteScroll

EXTERNAL SOURCES:
  SwiftyJSON:
    :git: https://github.com/SwiftyJSON/SwiftyJSON.git

CHECKOUT OPTIONS:
  SwiftyJSON:
    :commit: 2a5b70f06001316d4fb54501edc70b4084705da0
    :git: https://github.com/SwiftyJSON/SwiftyJSON.git

SPEC CHECKSUMS:
  Alamofire: c19a627cefd6a95f840401c49ab1f124e07f54ee
  DGElasticPullToRefresh: 040f39ae69840b3261d163fe6735c5901bf851e9
  ObjectMapper: 4eb08a726e9791a93b2632049951b56a7c17e471
  SwiftyJSON: 04ccea08915aa0109039157c7974cf0298da292a
  UIScrollView-InfiniteScroll: b6c7d6d155dca7f9c5dd43813ecffeb301b3d50c

PODFILE CHECKSUM: 1b60345b1aab7e4b36f6ad44ca25d19875e70c8b

COCOAPODS: 1.0.0
