// !$*UTF8*$!
{
	archiveVersion = 1;
	classes = {
	};
	objectVersion = 46;
	objects = {

/* Begin PBXBuildFile section */
		042B48141D30ED82006A9720 /* RegisterViewController.swift in Sources */ = {isa = PBXBuildFile; fileRef = 042B48131D30ED82006A9720 /* RegisterViewController.swift */; };
		042B48161D30EE7D006A9720 /* RegisterModel.swift in Sources */ = {isa = PBXBuildFile; fileRef = 042B48151D30EE7D006A9720 /* RegisterModel.swift */; };
		042D03171CDF90270029790A /* QAnswerViewController.swift in Sources */ = {isa = PBXBuildFile; fileRef = 042D03161CDF90270029790A /* QAnswerViewController.swift */; };
		042D03191CDF93580029790A /* QAnswerTableViewCell.swift in Sources */ = {isa = PBXBuildFile; fileRef = 042D03181CDF93580029790A /* QAnswerTableViewCell.swift */; };
		0446DED31CE0D70E0025D745 /* QuestionTableViewCell.swift in Sources */ = {isa = PBXBuildFile; fileRef = 0446DED21CE0D70E0025D745 /* QuestionTableViewCell.swift */; };
		0446DED71CE0D7400025D745 /* TotalViewController.swift in Sources */ = {isa = PBXBuildFile; fileRef = 0446DED61CE0D7400025D745 /* TotalViewController.swift */; };
		0446DED91CE0D7550025D745 /* QuestionViewController.swift in Sources */ = {isa = PBXBuildFile; fileRef = 0446DED81CE0D7550025D745 /* QuestionViewController.swift */; };
		0446DEDB1CE0DCBF0025D745 /* AnswerDetailViewController.swift in Sources */ = {isa = PBXBuildFile; fileRef = 0446DEDA1CE0DCBF0025D745 /* AnswerDetailViewController.swift */; };
		0446DEDD1CE0DF4E0025D745 /* Question.storyboard in Resources */ = {isa = PBXBuildFile; fileRef = 0446DEDC1CE0DF4E0025D745 /* Question.storyboard */; };
		044700721D32333F002FC36D /* FocusTableViewController.swift in Sources */ = {isa = PBXBuildFile; fileRef = 044700711D32333F002FC36D /* FocusTableViewController.swift */; };
		04846B5B1CE4D3D300E9A228 /* QuestionNeedAnswerTableViewCell.swift in Sources */ = {isa = PBXBuildFile; fileRef = 04846B5A1CE4D3D300E9A228 /* QuestionNeedAnswerTableViewCell.swift */; };
		04846B5D1CE4D4E600E9A228 /* QuestionNeedAnswerViewController.swift in Sources */ = {isa = PBXBuildFile; fileRef = 04846B5C1CE4D4E600E9A228 /* QuestionNeedAnswerViewController.swift */; };
		048C5AB51CEE94DF00CD9B07 /* QueryDetialViewController.swift in Sources */ = {isa = PBXBuildFile; fileRef = 048C5AB41CEE94DF00CD9B07 /* QueryDetialViewController.swift */; };
		048E9DFA1CF59492005CE36D /* QueryTagViewController.swift in Sources */ = {isa = PBXBuildFile; fileRef = 048E9DF91CF59492005CE36D /* QueryTagViewController.swift */; };
		04955B631CE7853A002FF3B8 /* CommentTableViewCell.swift in Sources */ = {isa = PBXBuildFile; fileRef = 04955B621CE7853A002FF3B8 /* CommentTableViewCell.swift */; };
		04955B651CE785F3002FF3B8 /* CommentViewController.swift in Sources */ = {isa = PBXBuildFile; fileRef = 04955B641CE785F3002FF3B8 /* CommentViewController.swift */; };
		04955B671CE786EE002FF3B8 /* Comment.swift in Sources */ = {isa = PBXBuildFile; fileRef = 04955B661CE786EE002FF3B8 /* Comment.swift */; };
		04A3CCD71D32826F005EC887 /* FocusQuestionTableViewController.swift in Sources */ = {isa = PBXBuildFile; fileRef = 04A3CCD61D32826F005EC887 /* FocusQuestionTableViewController.swift */; };
		04A3CCDB1D329023005EC887 /* MyAnswerTableViewController.swift in Sources */ = {isa = PBXBuildFile; fileRef = 04A3CCDA1D329023005EC887 /* MyAnswerTableViewController.swift */; };
		04A47A791D02A215008CA3C8 /* FocusStateChangeModel.swift in Sources */ = {isa = PBXBuildFile; fileRef = 04A47A781D02A215008CA3C8 /* FocusStateChangeModel.swift */; };
		04A47A811D02A701008CA3C8 /* AnswerStateChangeModel.swift in Sources */ = {isa = PBXBuildFile; fileRef = 04A47A801D02A701008CA3C8 /* AnswerStateChangeModel.swift */; };
		04A47A831D02AE32008CA3C8 /* ColorStateButton.swift in Sources */ = {isa = PBXBuildFile; fileRef = 04A47A821D02AE32008CA3C8 /* ColorStateButton.swift */; };
		04B1E0001CEB7192009A3226 /* QueryViewController.swift in Sources */ = {isa = PBXBuildFile; fileRef = 04B1DFFF1CEB7192009A3226 /* QueryViewController.swift */; };
		04B360241CF7E21B00898796 /* AnswerTheQuestionViewController.swift in Sources */ = {isa = PBXBuildFile; fileRef = 04B360231CF7E21B00898796 /* AnswerTheQuestionViewController.swift */; };
		04B360261CF7E24E00898796 /* AnswerAddedModel.swift in Sources */ = {isa = PBXBuildFile; fileRef = 04B360251CF7E24E00898796 /* AnswerAddedModel.swift */; };
		04C180E11CF6DB92005FDBB2 /* Query.storyboard in Resources */ = {isa = PBXBuildFile; fileRef = 04C180E01CF6DB92005FDBB2 /* Query.storyboard */; };
		04C180E31CF6DEE3005FDBB2 /* AnswerTheQuestion.storyboard in Resources */ = {isa = PBXBuildFile; fileRef = 04C180E21CF6DEE3005FDBB2 /* AnswerTheQuestion.storyboard */; };
		04C180E51CF6E0C0005FDBB2 /* Comment.storyboard in Resources */ = {isa = PBXBuildFile; fileRef = 04C180E41CF6E0C0005FDBB2 /* Comment.storyboard */; };
		04D637D91D3F905D005BAECE /* PersonDetailTableViewController.swift in Sources */ = {isa = PBXBuildFile; fileRef = 04D637D81D3F905D005BAECE /* PersonDetailTableViewController.swift */; };
		04DD670D1CF82273000B651F /* AddCommentViewController.swift in Sources */ = {isa = PBXBuildFile; fileRef = 04DD670C1CF82273000B651F /* AddCommentViewController.swift */; };
		04DD670F1CF823D9000B651F /* CommentAddedModel.swift in Sources */ = {isa = PBXBuildFile; fileRef = 04DD670E1CF823D9000B651F /* CommentAddedModel.swift */; };
		04E0021A1CF400C7007D57B0 /* QuestionAddedModel.swift in Sources */ = {isa = PBXBuildFile; fileRef = 04E002191CF400C7007D57B0 /* QuestionAddedModel.swift */; };
		27B734066AF88A5F838CB7CF /* Pods_Science_Plus.framework in Frameworks */ = {isa = PBXBuildFile; fileRef = 55365EC3702112BF7EF2F81B /* Pods_Science_Plus.framework */; };
		F70B27CC1CF44B8500F56519 /* AnswerDetailModel.swift in Sources */ = {isa = PBXBuildFile; fileRef = F70B27CB1CF44B8500F56519 /* AnswerDetailModel.swift */; };
		F70B27DA1CF4621F00F56519 /* StateButton.swift in Sources */ = {isa = PBXBuildFile; fileRef = F70B27D71CF4621F00F56519 /* StateButton.swift */; };
		F70B27DB1CF4621F00F56519 /* StateLabel.swift in Sources */ = {isa = PBXBuildFile; fileRef = F70B27D91CF4621F00F56519 /* StateLabel.swift */; };
		F70D10701CE5F829001E2791 /* agreeTableViewController.swift in Sources */ = {isa = PBXBuildFile; fileRef = F70D10681CE5F829001E2791 /* agreeTableViewController.swift */; };
		F70D10711CE5F829001E2791 /* NoticAgreeTableViewCell.swift in Sources */ = {isa = PBXBuildFile; fileRef = F70D106A1CE5F829001E2791 /* NoticAgreeTableViewCell.swift */; };
		F70D10721CE5F829001E2791 /* NoticAnswerTableViewCell.swift in Sources */ = {isa = PBXBuildFile; fileRef = F70D106B1CE5F829001E2791 /* NoticAnswerTableViewCell.swift */; };
		F70D10731CE5F829001E2791 /* NoticOtherTableViewCell.swift in Sources */ = {isa = PBXBuildFile; fileRef = F70D106C1CE5F829001E2791 /* NoticOtherTableViewCell.swift */; };
		F70D10741CE5F829001E2791 /* letterTableViewController.swift in Sources */ = {isa = PBXBuildFile; fileRef = F70D106D1CE5F829001E2791 /* letterTableViewController.swift */; };
		F70D10751CE5F829001E2791 /* MessageViewController.swift in Sources */ = {isa = PBXBuildFile; fileRef = F70D106E1CE5F829001E2791 /* MessageViewController.swift */; };
		F70D10761CE5F829001E2791 /* NotificationTableViewController.swift in Sources */ = {isa = PBXBuildFile; fileRef = F70D106F1CE5F829001E2791 /* NotificationTableViewController.swift */; };
		F71141B31D353D2C004B2273 /* MyTopicLabel.xib in Resources */ = {isa = PBXBuildFile; fileRef = F71141B21D353D2C004B2273 /* MyTopicLabel.xib */; };
		F75419B71CEC685F00446DD0 /* LoginViewController.swift in Sources */ = {isa = PBXBuildFile; fileRef = F75419B61CEC685F00446DD0 /* LoginViewController.swift */; };
		F75A687A1CE313BB002C812F /* PersonDataChangeViewControllerTableViewController.swift in Sources */ = {isa = PBXBuildFile; fileRef = F75A68791CE313BB002C812F /* PersonDataChangeViewControllerTableViewController.swift */; };
		F75C0EF51CF31E0100CCE364 /* Answer.swift in Sources */ = {isa = PBXBuildFile; fileRef = F75C0EED1CF31E0100CCE364 /* Answer.swift */; };
		F75C0EF61CF31E0100CCE364 /* Question.swift in Sources */ = {isa = PBXBuildFile; fileRef = F75C0EEE1CF31E0100CCE364 /* Question.swift */; };
		F75C0EF71CF31E0100CCE364 /* QuestionListModel.swift in Sources */ = {isa = PBXBuildFile; fileRef = F75C0EF01CF31E0100CCE364 /* QuestionListModel.swift */; };
		F75C0EF81CF31E0100CCE364 /* QusetionDetailModel.swift in Sources */ = {isa = PBXBuildFile; fileRef = F75C0EF11CF31E0100CCE364 /* QusetionDetailModel.swift */; };
		F75C0EF91CF31E0100CCE364 /* User.swift in Sources */ = {isa = PBXBuildFile; fileRef = F75C0EF21CF31E0100CCE364 /* User.swift */; };
		F75C0EFA1CF31E0100CCE364 /* HttpHandler.swift in Sources */ = {isa = PBXBuildFile; fileRef = F75C0EF41CF31E0100CCE364 /* HttpHandler.swift */; };
		F788EA801CE62F140087865A /* MessageDetailViewController.swift in Sources */ = {isa = PBXBuildFile; fileRef = F788EA7F1CE62F140087865A /* MessageDetailViewController.swift */; };
		F78C487B1CF82798001A0FDC /* CommentViewModel.swift in Sources */ = {isa = PBXBuildFile; fileRef = F78C487A1CF82798001A0FDC /* CommentViewModel.swift */; };
		F78EA2701CF7F07A002BAFAE /* CustomTableIndicator.swift in Sources */ = {isa = PBXBuildFile; fileRef = F78EA26F1CF7F07A002BAFAE /* CustomTableIndicator.swift */; };
		F78EA2721CF7F2B9002BAFAE /* InfititeScrollerView.swift in Sources */ = {isa = PBXBuildFile; fileRef = F78EA2711CF7F2B9002BAFAE /* InfititeScrollerView.swift */; };
		F7B127401D391A2A0006B6E3 /* ClassExtension.swift in Sources */ = {isa = PBXBuildFile; fileRef = F7B1273F1D391A2A0006B6E3 /* ClassExtension.swift */; };
		F7B33AE71CF9230E003AC477 /* HttpConstants.swift in Sources */ = {isa = PBXBuildFile; fileRef = F7B33AE61CF9230E003AC477 /* HttpConstants.swift */; };
		F7B33AE91CF92C39003AC477 /* QuestionNeedAnswerModel.swift in Sources */ = {isa = PBXBuildFile; fileRef = F7B33AE81CF92C39003AC477 /* QuestionNeedAnswerModel.swift */; };
		F7B49C6F1CE230ED00A1E0A5 /* Following.storyboard in Resources */ = {isa = PBXBuildFile; fileRef = F7B49C6C1CE230ED00A1E0A5 /* Following.storyboard */; };
		F7B49C711CE230ED00A1E0A5 /* Main.storyboard in Resources */ = {isa = PBXBuildFile; fileRef = F7B49C6E1CE230ED00A1E0A5 /* Main.storyboard */; };
		F7BB66641D02B49F008150CE /* Constants.swift in Sources */ = {isa = PBXBuildFile; fileRef = F7BB66631D02B49F008150CE /* Constants.swift */; };
		F7BB66681D02C921008150CE /* LanuchScreen.storyboard in Resources */ = {isa = PBXBuildFile; fileRef = F7BB66671D02C921008150CE /* LanuchScreen.storyboard */; };
		F7C214111D3FB015004D8C6F /* SwiftNotice.swift in Sources */ = {isa = PBXBuildFile; fileRef = F7C214101D3FB015004D8C6F /* SwiftNotice.swift */; };
		F7C6AB611CDDE3E9009A92D0 /* PersonalTableViewController.swift in Sources */ = {isa = PBXBuildFile; fileRef = F7C6AB601CDDE3E9009A92D0 /* PersonalTableViewController.swift */; };
		F7E5507C1CDD8BF0009EBD1C /* Messages.storyboard in Resources */ = {isa = PBXBuildFile; fileRef = F7E5507B1CDD8BF0009EBD1C /* Messages.storyboard */; };
		F7E550811CDD8C72009EBD1C /* Personal.storyboard in Resources */ = {isa = PBXBuildFile; fileRef = F7E550801CDD8C72009EBD1C /* Personal.storyboard */; };
		F7E61CF51CFF0B89007E8E54 /* TimeTransfer.swift in Sources */ = {isa = PBXBuildFile; fileRef = F7E61CF41CFF0B89007E8E54 /* TimeTransfer.swift */; };
		F7EB5BD61CDD80DA007B5D64 /* AppDelegate.swift in Sources */ = {isa = PBXBuildFile; fileRef = F7EB5BD51CDD80DA007B5D64 /* AppDelegate.swift */; };
		F7EB5BDF1CDD80DA007B5D64 /* Assets.xcassets in Resources */ = {isa = PBXBuildFile; fileRef = F7EB5BDE1CDD80DA007B5D64 /* Assets.xcassets */; };
		F7FBF16C1D3A258400E20DDB /* MyTopicScrollView.swift in Sources */ = {isa = PBXBuildFile; fileRef = F7FBF16B1D3A258400E20DDB /* MyTopicScrollView.swift */; };
/* End PBXBuildFile section */

/* Begin PBXFileReference section */
		042B48131D30ED82006A9720 /* RegisterViewController.swift */ = {isa = PBXFileReference; fileEncoding = 4; lastKnownFileType = sourcecode.swift; name = RegisterViewController.swift; path = register/RegisterViewController.swift; sourceTree = "<group>"; };
		042B48151D30EE7D006A9720 /* RegisterModel.swift */ = {isa = PBXFileReference; fileEncoding = 4; lastKnownFileType = sourcecode.swift; path = RegisterModel.swift; sourceTree = "<group>"; };
		042D03161CDF90270029790A /* QAnswerViewController.swift */ = {isa = PBXFileReference; fileEncoding = 4; lastKnownFileType = sourcecode.swift; name = QAnswerViewController.swift; path = Question/QAnswerViewController.swift; sourceTree = "<group>"; };
		042D03181CDF93580029790A /* QAnswerTableViewCell.swift */ = {isa = PBXFileReference; fileEncoding = 4; lastKnownFileType = sourcecode.swift; name = QAnswerTableViewCell.swift; path = Question/QAnswerTableViewCell.swift; sourceTree = "<group>"; };
		0446DED21CE0D70E0025D745 /* QuestionTableViewCell.swift */ = {isa = PBXFileReference; fileEncoding = 4; lastKnownFileType = sourcecode.swift; name = QuestionTableViewCell.swift; path = Question/QuestionTableViewCell.swift; sourceTree = "<group>"; };
		0446DED61CE0D7400025D745 /* TotalViewController.swift */ = {isa = PBXFileReference; fileEncoding = 4; lastKnownFileType = sourcecode.swift; name = TotalViewController.swift; path = Question/TotalViewController.swift; sourceTree = "<group>"; };
		0446DED81CE0D7550025D745 /* QuestionViewController.swift */ = {isa = PBXFileReference; fileEncoding = 4; lastKnownFileType = sourcecode.swift; name = QuestionViewController.swift; path = Question/QuestionViewController.swift; sourceTree = "<group>"; };
		0446DEDA1CE0DCBF0025D745 /* AnswerDetailViewController.swift */ = {isa = PBXFileReference; fileEncoding = 4; lastKnownFileType = sourcecode.swift; name = AnswerDetailViewController.swift; path = Question/AnswerDetailViewController.swift; sourceTree = "<group>"; };
		0446DEDC1CE0DF4E0025D745 /* Question.storyboard */ = {isa = PBXFileReference; fileEncoding = 4; lastKnownFileType = file.storyboard; name = Question.storyboard; path = StoryBoard/Question.storyboard; sourceTree = "<group>"; };
		044700711D32333F002FC36D /* FocusTableViewController.swift */ = {isa = PBXFileReference; fileEncoding = 4; lastKnownFileType = sourcecode.swift; path = FocusTableViewController.swift; sourceTree = "<group>"; };
		04846B5A1CE4D3D300E9A228 /* QuestionNeedAnswerTableViewCell.swift */ = {isa = PBXFileReference; fileEncoding = 4; lastKnownFileType = sourcecode.swift; name = QuestionNeedAnswerTableViewCell.swift; path = Question/QuestionNeedAnswerTableViewCell.swift; sourceTree = "<group>"; };
		04846B5C1CE4D4E600E9A228 /* QuestionNeedAnswerViewController.swift */ = {isa = PBXFileReference; fileEncoding = 4; lastKnownFileType = sourcecode.swift; name = QuestionNeedAnswerViewController.swift; path = Question/QuestionNeedAnswerViewController.swift; sourceTree = "<group>"; };
		048C5AB41CEE94DF00CD9B07 /* QueryDetialViewController.swift */ = {isa = PBXFileReference; fileEncoding = 4; lastKnownFileType = sourcecode.swift; name = QueryDetialViewController.swift; path = Question/QueryDetialViewController.swift; sourceTree = "<group>"; };
		048E9DF91CF59492005CE36D /* QueryTagViewController.swift */ = {isa = PBXFileReference; fileEncoding = 4; lastKnownFileType = sourcecode.swift; name = QueryTagViewController.swift; path = Question/QueryTagViewController.swift; sourceTree = "<group>"; };
		04955B621CE7853A002FF3B8 /* CommentTableViewCell.swift */ = {isa = PBXFileReference; fileEncoding = 4; lastKnownFileType = sourcecode.swift; name = CommentTableViewCell.swift; path = Question/CommentTableViewCell.swift; sourceTree = "<group>"; };
		04955B641CE785F3002FF3B8 /* CommentViewController.swift */ = {isa = PBXFileReference; fileEncoding = 4; lastKnownFileType = sourcecode.swift; name = CommentViewController.swift; path = Question/CommentViewController.swift; sourceTree = "<group>"; };
		04955B661CE786EE002FF3B8 /* Comment.swift */ = {isa = PBXFileReference; fileEncoding = 4; lastKnownFileType = sourcecode.swift; name = Comment.swift; path = ../Question/Comment.swift; sourceTree = "<group>"; };
		04A3CCD61D32826F005EC887 /* FocusQuestionTableViewController.swift */ = {isa = PBXFileReference; fileEncoding = 4; lastKnownFileType = sourcecode.swift; path = FocusQuestionTableViewController.swift; sourceTree = "<group>"; };
		04A3CCDA1D329023005EC887 /* MyAnswerTableViewController.swift */ = {isa = PBXFileReference; fileEncoding = 4; lastKnownFileType = sourcecode.swift; path = MyAnswerTableViewController.swift; sourceTree = "<group>"; };
		04A47A781D02A215008CA3C8 /* FocusStateChangeModel.swift */ = {isa = PBXFileReference; fileEncoding = 4; lastKnownFileType = sourcecode.swift; path = FocusStateChangeModel.swift; sourceTree = "<group>"; };
		04A47A801D02A701008CA3C8 /* AnswerStateChangeModel.swift */ = {isa = PBXFileReference; fileEncoding = 4; lastKnownFileType = sourcecode.swift; path = AnswerStateChangeModel.swift; sourceTree = "<group>"; };
		04A47A821D02AE32008CA3C8 /* ColorStateButton.swift */ = {isa = PBXFileReference; fileEncoding = 4; lastKnownFileType = sourcecode.swift; path = ColorStateButton.swift; sourceTree = "<group>"; };
		04B1DFFF1CEB7192009A3226 /* QueryViewController.swift */ = {isa = PBXFileReference; fileEncoding = 4; lastKnownFileType = sourcecode.swift; name = QueryViewController.swift; path = Question/QueryViewController.swift; sourceTree = "<group>"; };
		04B360231CF7E21B00898796 /* AnswerTheQuestionViewController.swift */ = {isa = PBXFileReference; fileEncoding = 4; lastKnownFileType = sourcecode.swift; path = AnswerTheQuestionViewController.swift; sourceTree = "<group>"; };
		04B360251CF7E24E00898796 /* AnswerAddedModel.swift */ = {isa = PBXFileReference; fileEncoding = 4; lastKnownFileType = sourcecode.swift; path = AnswerAddedModel.swift; sourceTree = "<group>"; };
		04C180E01CF6DB92005FDBB2 /* Query.storyboard */ = {isa = PBXFileReference; fileEncoding = 4; lastKnownFileType = file.storyboard; name = Query.storyboard; path = StoryBoard/Query.storyboard; sourceTree = "<group>"; };
		04C180E21CF6DEE3005FDBB2 /* AnswerTheQuestion.storyboard */ = {isa = PBXFileReference; fileEncoding = 4; lastKnownFileType = file.storyboard; name = AnswerTheQuestion.storyboard; path = StoryBoard/AnswerTheQuestion.storyboard; sourceTree = "<group>"; };
		04C180E41CF6E0C0005FDBB2 /* Comment.storyboard */ = {isa = PBXFileReference; fileEncoding = 4; lastKnownFileType = file.storyboard; name = Comment.storyboard; path = StoryBoard/Comment.storyboard; sourceTree = "<group>"; };
		04D637D81D3F905D005BAECE /* PersonDetailTableViewController.swift */ = {isa = PBXFileReference; fileEncoding = 4; lastKnownFileType = sourcecode.swift; path = PersonDetailTableViewController.swift; sourceTree = "<group>"; };
		04DD670C1CF82273000B651F /* AddCommentViewController.swift */ = {isa = PBXFileReference; fileEncoding = 4; lastKnownFileType = sourcecode.swift; name = AddCommentViewController.swift; path = Comment/AddCommentViewController.swift; sourceTree = "<group>"; };
		04DD670E1CF823D9000B651F /* CommentAddedModel.swift */ = {isa = PBXFileReference; fileEncoding = 4; lastKnownFileType = sourcecode.swift; path = CommentAddedModel.swift; sourceTree = "<group>"; };
		04E002191CF400C7007D57B0 /* QuestionAddedModel.swift */ = {isa = PBXFileReference; fileEncoding = 4; lastKnownFileType = sourcecode.swift; path = QuestionAddedModel.swift; sourceTree = "<group>"; };
		44BB97955665B6557CFBE43B /* Pods-Science_Plus.debug.xcconfig */ = {isa = PBXFileReference; includeInIndex = 1; lastKnownFileType = text.xcconfig; name = "Pods-Science_Plus.debug.xcconfig"; path = "Pods/Target Support Files/Pods-Science_Plus/Pods-Science_Plus.debug.xcconfig"; sourceTree = "<group>"; };
		55365EC3702112BF7EF2F81B /* Pods_Science_Plus.framework */ = {isa = PBXFileReference; explicitFileType = wrapper.framework; includeInIndex = 0; path = Pods_Science_Plus.framework; sourceTree = BUILT_PRODUCTS_DIR; };
		D9567110461E3777EC7801A8 /* Pods-Science_Plus.release.xcconfig */ = {isa = PBXFileReference; includeInIndex = 1; lastKnownFileType = text.xcconfig; name = "Pods-Science_Plus.release.xcconfig"; path = "Pods/Target Support Files/Pods-Science_Plus/Pods-Science_Plus.release.xcconfig"; sourceTree = "<group>"; };
		F70B27CB1CF44B8500F56519 /* AnswerDetailModel.swift */ = {isa = PBXFileReference; fileEncoding = 4; lastKnownFileType = sourcecode.swift; path = AnswerDetailModel.swift; sourceTree = "<group>"; };
		F70B27D71CF4621F00F56519 /* StateButton.swift */ = {isa = PBXFileReference; fileEncoding = 4; lastKnownFileType = sourcecode.swift; path = StateButton.swift; sourceTree = "<group>"; };
		F70B27D91CF4621F00F56519 /* StateLabel.swift */ = {isa = PBXFileReference; fileEncoding = 4; lastKnownFileType = sourcecode.swift; path = StateLabel.swift; sourceTree = "<group>"; };
		F70D10681CE5F829001E2791 /* agreeTableViewController.swift */ = {isa = PBXFileReference; fileEncoding = 4; lastKnownFileType = sourcecode.swift; path = agreeTableViewController.swift; sourceTree = "<group>"; };
		F70D106A1CE5F829001E2791 /* NoticAgreeTableViewCell.swift */ = {isa = PBXFileReference; fileEncoding = 4; lastKnownFileType = sourcecode.swift; path = NoticAgreeTableViewCell.swift; sourceTree = "<group>"; };
		F70D106B1CE5F829001E2791 /* NoticAnswerTableViewCell.swift */ = {isa = PBXFileReference; fileEncoding = 4; lastKnownFileType = sourcecode.swift; path = NoticAnswerTableViewCell.swift; sourceTree = "<group>"; };
		F70D106C1CE5F829001E2791 /* NoticOtherTableViewCell.swift */ = {isa = PBXFileReference; fileEncoding = 4; lastKnownFileType = sourcecode.swift; path = NoticOtherTableViewCell.swift; sourceTree = "<group>"; };
		F70D106D1CE5F829001E2791 /* letterTableViewController.swift */ = {isa = PBXFileReference; fileEncoding = 4; lastKnownFileType = sourcecode.swift; path = letterTableViewController.swift; sourceTree = "<group>"; };
		F70D106E1CE5F829001E2791 /* MessageViewController.swift */ = {isa = PBXFileReference; fileEncoding = 4; lastKnownFileType = sourcecode.swift; path = MessageViewController.swift; sourceTree = "<group>"; };
		F70D106F1CE5F829001E2791 /* NotificationTableViewController.swift */ = {isa = PBXFileReference; fileEncoding = 4; lastKnownFileType = sourcecode.swift; path = NotificationTableViewController.swift; sourceTree = "<group>"; };
		F71141B21D353D2C004B2273 /* MyTopicLabel.xib */ = {isa = PBXFileReference; fileEncoding = 4; lastKnownFileType = file.xib; path = MyTopicLabel.xib; sourceTree = "<group>"; };
		F75419B61CEC685F00446DD0 /* LoginViewController.swift */ = {isa = PBXFileReference; fileEncoding = 4; lastKnownFileType = sourcecode.swift; path = LoginViewController.swift; sourceTree = "<group>"; };
		F75A68791CE313BB002C812F /* PersonDataChangeViewControllerTableViewController.swift */ = {isa = PBXFileReference; fileEncoding = 4; lastKnownFileType = sourcecode.swift; name = PersonDataChangeViewControllerTableViewController.swift; path = Personal/PersonDataChangeViewControllerTableViewController.swift; sourceTree = "<group>"; };
		F75C0EED1CF31E0100CCE364 /* Answer.swift */ = {isa = PBXFileReference; fileEncoding = 4; lastKnownFileType = sourcecode.swift; path = Answer.swift; sourceTree = "<group>"; };
		F75C0EEE1CF31E0100CCE364 /* Question.swift */ = {isa = PBXFileReference; fileEncoding = 4; lastKnownFileType = sourcecode.swift; path = Question.swift; sourceTree = "<group>"; };
		F75C0EF01CF31E0100CCE364 /* QuestionListModel.swift */ = {isa = PBXFileReference; fileEncoding = 4; lastKnownFileType = sourcecode.swift; path = QuestionListModel.swift; sourceTree = "<group>"; };
		F75C0EF11CF31E0100CCE364 /* QusetionDetailModel.swift */ = {isa = PBXFileReference; fileEncoding = 4; lastKnownFileType = sourcecode.swift; path = QusetionDetailModel.swift; sourceTree = "<group>"; };
		F75C0EF21CF31E0100CCE364 /* User.swift */ = {isa = PBXFileReference; fileEncoding = 4; lastKnownFileType = sourcecode.swift; name = User.swift; path = ../Model/User.swift; sourceTree = "<group>"; };
		F75C0EF41CF31E0100CCE364 /* HttpHandler.swift */ = {isa = PBXFileReference; fileEncoding = 4; lastKnownFileType = sourcecode.swift; path = HttpHandler.swift; sourceTree = "<group>"; };
		F788EA7F1CE62F140087865A /* MessageDetailViewController.swift */ = {isa = PBXFileReference; fileEncoding = 4; lastKnownFileType = sourcecode.swift; path = MessageDetailViewController.swift; sourceTree = "<group>"; };
		F789D5391CF7EA04009376D3 /* UIScrollView+InfiniteScroll.h */ = {isa = PBXFileReference; fileEncoding = 4; lastKnownFileType = sourcecode.c.h; path = "UIScrollView+InfiniteScroll.h"; sourceTree = "<group>"; };
		F78C487A1CF82798001A0FDC /* CommentViewModel.swift */ = {isa = PBXFileReference; fileEncoding = 4; lastKnownFileType = sourcecode.swift; path = CommentViewModel.swift; sourceTree = "<group>"; };
		F78EA26F1CF7F07A002BAFAE /* CustomTableIndicator.swift */ = {isa = PBXFileReference; fileEncoding = 4; lastKnownFileType = sourcecode.swift; name = CustomTableIndicator.swift; path = Indicator/CustomTableIndicator.swift; sourceTree = "<group>"; };
		F78EA2711CF7F2B9002BAFAE /* InfititeScrollerView.swift */ = {isa = PBXFileReference; fileEncoding = 4; lastKnownFileType = sourcecode.swift; path = InfititeScrollerView.swift; sourceTree = "<group>"; };
		F79F1AF61CF7E4AF007726AD /* Science_Plus-Bridging-Header.h */ = {isa = PBXFileReference; lastKnownFileType = sourcecode.c.h; path = "Science_Plus-Bridging-Header.h"; sourceTree = "<group>"; };
		F7B1273F1D391A2A0006B6E3 /* ClassExtension.swift */ = {isa = PBXFileReference; fileEncoding = 4; lastKnownFileType = sourcecode.swift; path = ClassExtension.swift; sourceTree = "<group>"; };
		F7B33AE61CF9230E003AC477 /* HttpConstants.swift */ = {isa = PBXFileReference; fileEncoding = 4; lastKnownFileType = sourcecode.swift; path = HttpConstants.swift; sourceTree = "<group>"; };
		F7B33AE81CF92C39003AC477 /* QuestionNeedAnswerModel.swift */ = {isa = PBXFileReference; fileEncoding = 4; lastKnownFileType = sourcecode.swift; path = QuestionNeedAnswerModel.swift; sourceTree = "<group>"; };
		F7B49C6C1CE230ED00A1E0A5 /* Following.storyboard */ = {isa = PBXFileReference; fileEncoding = 4; lastKnownFileType = file.storyboard; name = Following.storyboard; path = StoryBoard/Following.storyboard; sourceTree = "<group>"; };
		F7B49C6E1CE230ED00A1E0A5 /* Main.storyboard */ = {isa = PBXFileReference; fileEncoding = 4; lastKnownFileType = file.storyboard; name = Main.storyboard; path = StoryBoard/Main.storyboard; sourceTree = "<group>"; };
		F7BB66631D02B49F008150CE /* Constants.swift */ = {isa = PBXFileReference; fileEncoding = 4; lastKnownFileType = sourcecode.swift; path = Constants.swift; sourceTree = "<group>"; };
		F7BB66671D02C921008150CE /* LanuchScreen.storyboard */ = {isa = PBXFileReference; fileEncoding = 4; lastKnownFileType = file.storyboard; path = LanuchScreen.storyboard; sourceTree = "<group>"; };
		F7C214101D3FB015004D8C6F /* SwiftNotice.swift */ = {isa = PBXFileReference; fileEncoding = 4; lastKnownFileType = sourcecode.swift; path = SwiftNotice.swift; sourceTree = "<group>"; };
		F7C6AB601CDDE3E9009A92D0 /* PersonalTableViewController.swift */ = {isa = PBXFileReference; fileEncoding = 4; lastKnownFileType = sourcecode.swift; name = PersonalTableViewController.swift; path = Personal/PersonalTableViewController.swift; sourceTree = "<group>"; };
		F7E5507B1CDD8BF0009EBD1C /* Messages.storyboard */ = {isa = PBXFileReference; fileEncoding = 4; lastKnownFileType = file.storyboard; name = Messages.storyboard; path = StoryBoard/Messages.storyboard; sourceTree = "<group>"; };
		F7E550801CDD8C72009EBD1C /* Personal.storyboard */ = {isa = PBXFileReference; fileEncoding = 4; lastKnownFileType = file.storyboard; name = Personal.storyboard; path = StoryBoard/Personal.storyboard; sourceTree = "<group>"; };
		F7E61CF41CFF0B89007E8E54 /* TimeTransfer.swift */ = {isa = PBXFileReference; fileEncoding = 4; lastKnownFileType = sourcecode.swift; path = TimeTransfer.swift; sourceTree = "<group>"; };
		F7EB5BD21CDD80DA007B5D64 /* Science_Plus.app */ = {isa = PBXFileReference; explicitFileType = wrapper.application; includeInIndex = 0; path = Science_Plus.app; sourceTree = BUILT_PRODUCTS_DIR; };
		F7EB5BD51CDD80DA007B5D64 /* AppDelegate.swift */ = {isa = PBXFileReference; lastKnownFileType = sourcecode.swift; path = AppDelegate.swift; sourceTree = "<group>"; };
		F7EB5BDE1CDD80DA007B5D64 /* Assets.xcassets */ = {isa = PBXFileReference; lastKnownFileType = folder.assetcatalog; path = Assets.xcassets; sourceTree = "<group>"; };
		F7EB5BE31CDD80DA007B5D64 /* Info.plist */ = {isa = PBXFileReference; lastKnownFileType = text.plist.xml; path = Info.plist; sourceTree = "<group>"; };
		F7FBF16B1D3A258400E20DDB /* MyTopicScrollView.swift */ = {isa = PBXFileReference; fileEncoding = 4; lastKnownFileType = sourcecode.swift; name = MyTopicScrollView.swift; path = Question/MyTopicScrollView.swift; sourceTree = "<group>"; };
/* End PBXFileReference section */

/* Begin PBXFrameworksBuildPhase section */
		F7EB5BCF1CDD80DA007B5D64 /* Frameworks */ = {
			isa = PBXFrameworksBuildPhase;
			buildActionMask = 2147483647;
			files = (
				27B734066AF88A5F838CB7CF /* Pods_Science_Plus.framework in Frameworks */,
			);
			runOnlyForDeploymentPostprocessing = 0;
		};
/* End PBXFrameworksBuildPhase section */

/* Begin PBXGroup section */
		042B48121D30ED25006A9720 /* register */ = {
			isa = PBXGroup;
			children = (
				042B48131D30ED82006A9720 /* RegisterViewController.swift */,
			);
			name = register;
			sourceTree = "<group>";
		};
		04B360221CF7E1C600898796 /* AnswerTheQuestion */ = {
			isa = PBXGroup;
			children = (
				04B360231CF7E21B00898796 /* AnswerTheQuestionViewController.swift */,
			);
			name = AnswerTheQuestion;
			sourceTree = "<group>";
		};
		04C180E61CF6E1D5005FDBB2 /* Query */ = {
			isa = PBXGroup;
			children = (
				04B1DFFF1CEB7192009A3226 /* QueryViewController.swift */,
				048C5AB41CEE94DF00CD9B07 /* QueryDetialViewController.swift */,
				048E9DF91CF59492005CE36D /* QueryTagViewController.swift */,
			);
			name = Query;
			sourceTree = "<group>";
		};
		04C180E71CF6E1F0005FDBB2 /* Comment */ = {
			isa = PBXGroup;
			children = (
				04DD670C1CF82273000B651F /* AddCommentViewController.swift */,
			);
			name = Comment;
			sourceTree = "<group>";
		};
		86A29458A5664CEB92C56F60 /* Frameworks */ = {
			isa = PBXGroup;
			children = (
				55365EC3702112BF7EF2F81B /* Pods_Science_Plus.framework */,
			);
			name = Frameworks;
			sourceTree = "<group>";
		};
		B81E47D4BA7628097FAAB650 /* Pods */ = {
			isa = PBXGroup;
			children = (
				44BB97955665B6557CFBE43B /* Pods-Science_Plus.debug.xcconfig */,
				D9567110461E3777EC7801A8 /* Pods-Science_Plus.release.xcconfig */,
			);
			name = Pods;
			sourceTree = "<group>";
		};
		F70B27D51CF4621F00F56519 /* Tools */ = {
			isa = PBXGroup;
			children = (
				F7E61CF31CFF0B74007E8E54 /* TimeHelper */,
				F78EA26E1CF7F045002BAFAE /* Indicator */,
				F70B27D61CF4621F00F56519 /* Button */,
				F70B27D81CF4621F00F56519 /* Label */,
				F78EA2711CF7F2B9002BAFAE /* InfititeScrollerView.swift */,
			);
			path = Tools;
			sourceTree = "<group>";
		};
		F70B27D61CF4621F00F56519 /* Button */ = {
			isa = PBXGroup;
			children = (
				F70B27D71CF4621F00F56519 /* StateButton.swift */,
				04A47A821D02AE32008CA3C8 /* ColorStateButton.swift */,
			);
			path = Button;
			sourceTree = "<group>";
		};
		F70B27D81CF4621F00F56519 /* Label */ = {
			isa = PBXGroup;
			children = (
				F70B27D91CF4621F00F56519 /* StateLabel.swift */,
				F71141B21D353D2C004B2273 /* MyTopicLabel.xib */,
			);
			path = Label;
			sourceTree = "<group>";
		};
		F70D10671CE5F829001E2791 /* Messages */ = {
			isa = PBXGroup;
			children = (
				F70D10681CE5F829001E2791 /* agreeTableViewController.swift */,
				F70D10691CE5F829001E2791 /* cell */,
				F70D106D1CE5F829001E2791 /* letterTableViewController.swift */,
				F70D106E1CE5F829001E2791 /* MessageViewController.swift */,
				F70D106F1CE5F829001E2791 /* NotificationTableViewController.swift */,
				F788EA7F1CE62F140087865A /* MessageDetailViewController.swift */,
			);
			path = Messages;
			sourceTree = "<group>";
		};
		F70D10691CE5F829001E2791 /* cell */ = {
			isa = PBXGroup;
			children = (
				F70D106A1CE5F829001E2791 /* NoticAgreeTableViewCell.swift */,
				F70D106B1CE5F829001E2791 /* NoticAnswerTableViewCell.swift */,
				F70D106C1CE5F829001E2791 /* NoticOtherTableViewCell.swift */,
			);
			path = cell;
			sourceTree = "<group>";
		};
		F726DF891CF6052700256C2F /* SupportedFile */ = {
			isa = PBXGroup;
			children = (
				F7C214101D3FB015004D8C6F /* SwiftNotice.swift */,
				F7EB5BD51CDD80DA007B5D64 /* AppDelegate.swift */,
				F7EB5BDE1CDD80DA007B5D64 /* Assets.xcassets */,
				F7EB5BE31CDD80DA007B5D64 /* Info.plist */,
				F79F1AF61CF7E4AF007726AD /* Science_Plus-Bridging-Header.h */,
				F789D5391CF7EA04009376D3 /* UIScrollView+InfiniteScroll.h */,
				F7B1273F1D391A2A0006B6E3 /* ClassExtension.swift */,
			);
			name = SupportedFile;
			sourceTree = "<group>";
		};
		F75419B51CEC682200446DD0 /* Login */ = {
			isa = PBXGroup;
			children = (
				F75419B61CEC685F00446DD0 /* LoginViewController.swift */,
			);
			path = Login;
			sourceTree = "<group>";
		};
		F75C0EEC1CF31E0100CCE364 /* Entity */ = {
			isa = PBXGroup;
			children = (
				F75C0EF21CF31E0100CCE364 /* User.swift */,
				F75C0EED1CF31E0100CCE364 /* Answer.swift */,
				F75C0EEE1CF31E0100CCE364 /* Question.swift */,
				04955B661CE786EE002FF3B8 /* Comment.swift */,
			);
			path = Entity;
			sourceTree = "<group>";
		};
		F75C0EEF1CF31E0100CCE364 /* Model */ = {
			isa = PBXGroup;
			children = (
				F75C0EF01CF31E0100CCE364 /* QuestionListModel.swift */,
				F7B33AE81CF92C39003AC477 /* QuestionNeedAnswerModel.swift */,
				F75C0EF11CF31E0100CCE364 /* QusetionDetailModel.swift */,
				04E002191CF400C7007D57B0 /* QuestionAddedModel.swift */,
				F70B27CB1CF44B8500F56519 /* AnswerDetailModel.swift */,
				04B360251CF7E24E00898796 /* AnswerAddedModel.swift */,
				F78C487A1CF82798001A0FDC /* CommentViewModel.swift */,
				04DD670E1CF823D9000B651F /* CommentAddedModel.swift */,
				04A47A781D02A215008CA3C8 /* FocusStateChangeModel.swift */,
				04A47A801D02A701008CA3C8 /* AnswerStateChangeModel.swift */,
				042B48151D30EE7D006A9720 /* RegisterModel.swift */,
			);
			path = Model;
			sourceTree = "<group>";
		};
		F75C0EF31CF31E0100CCE364 /* NetWork */ = {
			isa = PBXGroup;
			children = (
				F75C0EF41CF31E0100CCE364 /* HttpHandler.swift */,
				F7B33AE61CF9230E003AC477 /* HttpConstants.swift */,
			);
			path = NetWork;
			sourceTree = "<group>";
		};
		F78EA26E1CF7F045002BAFAE /* Indicator */ = {
			isa = PBXGroup;
			children = (
				F78EA26F1CF7F07A002BAFAE /* CustomTableIndicator.swift */,
			);
			name = Indicator;
			sourceTree = "<group>";
		};
		F7BB66621D02B48D008150CE /* Utils */ = {
			isa = PBXGroup;
			children = (
				F7BB66631D02B49F008150CE /* Constants.swift */,
			);
			name = Utils;
			sourceTree = "<group>";
		};
		F7E09C6A1CF4460000C80388 /* cell */ = {
			isa = PBXGroup;
			children = (
				0446DED21CE0D70E0025D745 /* QuestionTableViewCell.swift */,
				042D03181CDF93580029790A /* QAnswerTableViewCell.swift */,
				04846B5A1CE4D3D300E9A228 /* QuestionNeedAnswerTableViewCell.swift */,
				04955B621CE7853A002FF3B8 /* CommentTableViewCell.swift */,
				F7FBF16B1D3A258400E20DDB /* MyTopicScrollView.swift */,
			);
			name = cell;
			sourceTree = "<group>";
		};
		F7E61CF31CFF0B74007E8E54 /* TimeHelper */ = {
			isa = PBXGroup;
			children = (
				F7E61CF41CFF0B89007E8E54 /* TimeTransfer.swift */,
			);
			name = TimeHelper;
			sourceTree = "<group>";
		};
		F7EB5BC91CDD80DA007B5D64 = {
			isa = PBXGroup;
			children = (
				F7EB5BD41CDD80DA007B5D64 /* Science_Plus */,
				F7EB5BD31CDD80DA007B5D64 /* Products */,
				B81E47D4BA7628097FAAB650 /* Pods */,
				86A29458A5664CEB92C56F60 /* Frameworks */,
			);
			sourceTree = "<group>";
		};
		F7EB5BD31CDD80DA007B5D64 /* Products */ = {
			isa = PBXGroup;
			children = (
				F7EB5BD21CDD80DA007B5D64 /* Science_Plus.app */,
			);
			name = Products;
			sourceTree = "<group>";
		};
		F7EB5BD41CDD80DA007B5D64 /* Science_Plus */ = {
			isa = PBXGroup;
			children = (
				F7BB66621D02B48D008150CE /* Utils */,
				F726DF891CF6052700256C2F /* SupportedFile */,
				F70B27D51CF4621F00F56519 /* Tools */,
				F75C0EEC1CF31E0100CCE364 /* Entity */,
				F75C0EEF1CF31E0100CCE364 /* Model */,
				F75C0EF31CF31E0100CCE364 /* NetWork */,
				F7EB5BEA1CDD815E007B5D64 /* Controller */,
				F7EB5BE91CDD8150007B5D64 /* StoryBoard */,
			);
			path = Science_Plus;
			sourceTree = "<group>";
		};
		F7EB5BE91CDD8150007B5D64 /* StoryBoard */ = {
			isa = PBXGroup;
			children = (
				F7B49C6C1CE230ED00A1E0A5 /* Following.storyboard */,
				F7B49C6E1CE230ED00A1E0A5 /* Main.storyboard */,
				0446DEDC1CE0DF4E0025D745 /* Question.storyboard */,
				04C180E41CF6E0C0005FDBB2 /* Comment.storyboard */,
				04C180E21CF6DEE3005FDBB2 /* AnswerTheQuestion.storyboard */,
				04C180E01CF6DB92005FDBB2 /* Query.storyboard */,
				F7E550801CDD8C72009EBD1C /* Personal.storyboard */,
				F7E5507B1CDD8BF0009EBD1C /* Messages.storyboard */,
				F7BB66671D02C921008150CE /* LanuchScreen.storyboard */,
			);
			name = StoryBoard;
			sourceTree = "<group>";
		};
		F7EB5BEA1CDD815E007B5D64 /* Controller */ = {
			isa = PBXGroup;
			children = (
				042B48121D30ED25006A9720 /* register */,
				04B360221CF7E1C600898796 /* AnswerTheQuestion */,
				04C180E71CF6E1F0005FDBB2 /* Comment */,
				04C180E61CF6E1D5005FDBB2 /* Query */,
				F75419B51CEC682200446DD0 /* Login */,
				F70D10671CE5F829001E2791 /* Messages */,
				F7EB5BEF1CDD8658007B5D64 /* Personal */,
				F7EB5BED1CDD8629007B5D64 /* Following */,
				F7EB5BEC1CDD8619007B5D64 /* Questions */,
			);
			name = Controller;
			sourceTree = "<group>";
		};
		F7EB5BEC1CDD8619007B5D64 /* Questions */ = {
			isa = PBXGroup;
			children = (
				F7E09C6A1CF4460000C80388 /* cell */,
				0446DED61CE0D7400025D745 /* TotalViewController.swift */,
				0446DED81CE0D7550025D745 /* QuestionViewController.swift */,
				042D03161CDF90270029790A /* QAnswerViewController.swift */,
				0446DEDA1CE0DCBF0025D745 /* AnswerDetailViewController.swift */,
				04846B5C1CE4D4E600E9A228 /* QuestionNeedAnswerViewController.swift */,
				04955B641CE785F3002FF3B8 /* CommentViewController.swift */,
			);
			name = Questions;
			sourceTree = "<group>";
		};
		F7EB5BED1CDD8629007B5D64 /* Following */ = {
			isa = PBXGroup;
			children = (
			);
			name = Following;
			sourceTree = "<group>";
		};
		F7EB5BEF1CDD8658007B5D64 /* Personal */ = {
			isa = PBXGroup;
			children = (
				F7C6AB601CDDE3E9009A92D0 /* PersonalTableViewController.swift */,
				F75A68791CE313BB002C812F /* PersonDataChangeViewControllerTableViewController.swift */,
				044700711D32333F002FC36D /* FocusTableViewController.swift */,
				04A3CCD61D32826F005EC887 /* FocusQuestionTableViewController.swift */,
				04A3CCDA1D329023005EC887 /* MyAnswerTableViewController.swift */,
				04D637D81D3F905D005BAECE /* PersonDetailTableViewController.swift */,
			);
			name = Personal;
			sourceTree = "<group>";
		};
/* End PBXGroup section */

/* Begin PBXNativeTarget section */
		F7EB5BD11CDD80DA007B5D64 /* Science_Plus */ = {
			isa = PBXNativeTarget;
			buildConfigurationList = F7EB5BE61CDD80DA007B5D64 /* Build configuration list for PBXNativeTarget "Science_Plus" */;
			buildPhases = (
				9277AE58D9E12D37418E6F6A /* 📦 Check Pods Manifest.lock */,
				F7EB5BCE1CDD80DA007B5D64 /* Sources */,
				F7EB5BCF1CDD80DA007B5D64 /* Frameworks */,
				F7EB5BD01CDD80DA007B5D64 /* Resources */,
				F75275137358ADB3A161B23D /* 📦 Embed Pods Frameworks */,
				6780DB8EEFCED719ED4F16E3 /* 📦 Copy Pods Resources */,
			);
			buildRules = (
			);
			dependencies = (
			);
			name = Science_Plus;
			productName = Science_Plus;
			productReference = F7EB5BD21CDD80DA007B5D64 /* Science_Plus.app */;
			productType = "com.apple.product-type.application";
		};
/* End PBXNativeTarget section */

/* Begin PBXProject section */
		F7EB5BCA1CDD80DA007B5D64 /* Project object */ = {
			isa = PBXProject;
			attributes = {
				LastSwiftUpdateCheck = 0730;
				LastUpgradeCheck = 0720;
				ORGANIZATIONNAME = Chem_Plus;
				TargetAttributes = {
					F7EB5BD11CDD80DA007B5D64 = {
						CreatedOnToolsVersion = 7.2;
					};
				};
			};
			buildConfigurationList = F7EB5BCD1CDD80DA007B5D64 /* Build configuration list for PBXProject "Science_Plus" */;
			compatibilityVersion = "Xcode 3.2";
			developmentRegion = English;
			hasScannedForEncodings = 0;
			knownRegions = (
				en,
				Base,
			);
			mainGroup = F7EB5BC91CDD80DA007B5D64;
			productRefGroup = F7EB5BD31CDD80DA007B5D64 /* Products */;
			projectDirPath = "";
			projectRoot = "";
			targets = (
				F7EB5BD11CDD80DA007B5D64 /* Science_Plus */,
			);
		};
/* End PBXProject section */

/* Begin PBXResourcesBuildPhase section */
		F7EB5BD01CDD80DA007B5D64 /* Resources */ = {
			isa = PBXResourcesBuildPhase;
			buildActionMask = 2147483647;
			files = (
				F7B49C711CE230ED00A1E0A5 /* Main.storyboard in Resources */,
				F71141B31D353D2C004B2273 /* MyTopicLabel.xib in Resources */,
				F7B49C6F1CE230ED00A1E0A5 /* Following.storyboard in Resources */,
				F7E5507C1CDD8BF0009EBD1C /* Messages.storyboard in Resources */,
				F7EB5BDF1CDD80DA007B5D64 /* Assets.xcassets in Resources */,
				04C180E51CF6E0C0005FDBB2 /* Comment.storyboard in Resources */,
				04C180E11CF6DB92005FDBB2 /* Query.storyboard in Resources */,
				04C180E31CF6DEE3005FDBB2 /* AnswerTheQuestion.storyboard in Resources */,
				F7E550811CDD8C72009EBD1C /* Personal.storyboard in Resources */,
				0446DEDD1CE0DF4E0025D745 /* Question.storyboard in Resources */,
				F7BB66681D02C921008150CE /* LanuchScreen.storyboard in Resources */,
			);
			runOnlyForDeploymentPostprocessing = 0;
		};
/* End PBXResourcesBuildPhase section */

/* Begin PBXShellScriptBuildPhase section */
		6780DB8EEFCED719ED4F16E3 /* 📦 Copy Pods Resources */ = {
			isa = PBXShellScriptBuildPhase;
			buildActionMask = 2147483647;
			files = (
			);
			inputPaths = (
			);
			name = "📦 Copy Pods Resources";
			outputPaths = (
			);
			runOnlyForDeploymentPostprocessing = 0;
			shellPath = /bin/sh;
			shellScript = "\"${SRCROOT}/Pods/Target Support Files/Pods-Science_Plus/Pods-Science_Plus-resources.sh\"\n";
			showEnvVarsInLog = 0;
		};
		9277AE58D9E12D37418E6F6A /* 📦 Check Pods Manifest.lock */ = {
			isa = PBXShellScriptBuildPhase;
			buildActionMask = 2147483647;
			files = (
			);
			inputPaths = (
			);
			name = "📦 Check Pods Manifest.lock";
			outputPaths = (
			);
			runOnlyForDeploymentPostprocessing = 0;
			shellPath = /bin/sh;
			shellScript = "diff \"${PODS_ROOT}/../Podfile.lock\" \"${PODS_ROOT}/Manifest.lock\" > /dev/null\nif [[ $? != 0 ]] ; then\n    cat << EOM\nerror: The sandbox is not in sync with the Podfile.lock. Run 'pod install' or update your CocoaPods installation.\nEOM\n    exit 1\nfi\n";
			showEnvVarsInLog = 0;
		};
		F75275137358ADB3A161B23D /* 📦 Embed Pods Frameworks */ = {
			isa = PBXShellScriptBuildPhase;
			buildActionMask = 2147483647;
			files = (
			);
			inputPaths = (
			);
			name = "📦 Embed Pods Frameworks";
			outputPaths = (
			);
			runOnlyForDeploymentPostprocessing = 0;
			shellPath = /bin/sh;
			shellScript = "\"${SRCROOT}/Pods/Target Support Files/Pods-Science_Plus/Pods-Science_Plus-frameworks.sh\"\n";
			showEnvVarsInLog = 0;
		};
/* End PBXShellScriptBuildPhase section */

/* Begin PBXSourcesBuildPhase section */
		F7EB5BCE1CDD80DA007B5D64 /* Sources */ = {
			isa = PBXSourcesBuildPhase;
			buildActionMask = 2147483647;
			files = (
				04846B5D1CE4D4E600E9A228 /* QuestionNeedAnswerViewController.swift in Sources */,
				F7FBF16C1D3A258400E20DDB /* MyTopicScrollView.swift in Sources */,
				0446DED31CE0D70E0025D745 /* QuestionTableViewCell.swift in Sources */,
				F78EA2721CF7F2B9002BAFAE /* InfititeScrollerView.swift in Sources */,
				04955B631CE7853A002FF3B8 /* CommentTableViewCell.swift in Sources */,
				04A3CCD71D32826F005EC887 /* FocusQuestionTableViewController.swift in Sources */,
				04B360241CF7E21B00898796 /* AnswerTheQuestionViewController.swift in Sources */,
				F75A687A1CE313BB002C812F /* PersonDataChangeViewControllerTableViewController.swift in Sources */,
				04B1E0001CEB7192009A3226 /* QueryViewController.swift in Sources */,
				F75419B71CEC685F00446DD0 /* LoginViewController.swift in Sources */,
				048C5AB51CEE94DF00CD9B07 /* QueryDetialViewController.swift in Sources */,
				F78EA2701CF7F07A002BAFAE /* CustomTableIndicator.swift in Sources */,
				F75C0EF51CF31E0100CCE364 /* Answer.swift in Sources */,
				0446DEDB1CE0DCBF0025D745 /* AnswerDetailViewController.swift in Sources */,
				F75C0EF81CF31E0100CCE364 /* QusetionDetailModel.swift in Sources */,
				F70D10701CE5F829001E2791 /* agreeTableViewController.swift in Sources */,
				04A47A791D02A215008CA3C8 /* FocusStateChangeModel.swift in Sources */,
				F78C487B1CF82798001A0FDC /* CommentViewModel.swift in Sources */,
				F7C214111D3FB015004D8C6F /* SwiftNotice.swift in Sources */,
				F70D10731CE5F829001E2791 /* NoticOtherTableViewCell.swift in Sources */,
				04DD670F1CF823D9000B651F /* CommentAddedModel.swift in Sources */,
				04955B651CE785F3002FF3B8 /* CommentViewController.swift in Sources */,
				04955B671CE786EE002FF3B8 /* Comment.swift in Sources */,
				04E0021A1CF400C7007D57B0 /* QuestionAddedModel.swift in Sources */,
				0446DED71CE0D7400025D745 /* TotalViewController.swift in Sources */,
				042B48141D30ED82006A9720 /* RegisterViewController.swift in Sources */,
				F7E61CF51CFF0B89007E8E54 /* TimeTransfer.swift in Sources */,
				F7BB66641D02B49F008150CE /* Constants.swift in Sources */,
				F70D10761CE5F829001E2791 /* NotificationTableViewController.swift in Sources */,
				F70D10741CE5F829001E2791 /* letterTableViewController.swift in Sources */,
				04D637D91D3F905D005BAECE /* PersonDetailTableViewController.swift in Sources */,
				F70B27CC1CF44B8500F56519 /* AnswerDetailModel.swift in Sources */,
				04846B5B1CE4D3D300E9A228 /* QuestionNeedAnswerTableViewCell.swift in Sources */,
				F7EB5BD61CDD80DA007B5D64 /* AppDelegate.swift in Sources */,
				F788EA801CE62F140087865A /* MessageDetailViewController.swift in Sources */,
				042D03191CDF93580029790A /* QAnswerTableViewCell.swift in Sources */,
				0446DED91CE0D7550025D745 /* QuestionViewController.swift in Sources */,
				04A3CCDB1D329023005EC887 /* MyAnswerTableViewController.swift in Sources */,
				F75C0EF61CF31E0100CCE364 /* Question.swift in Sources */,
				F70D10751CE5F829001E2791 /* MessageViewController.swift in Sources */,
				F7B127401D391A2A0006B6E3 /* ClassExtension.swift in Sources */,
				F75C0EF71CF31E0100CCE364 /* QuestionListModel.swift in Sources */,
				F70B27DA1CF4621F00F56519 /* StateButton.swift in Sources */,
				048E9DFA1CF59492005CE36D /* QueryTagViewController.swift in Sources */,
				F70D10711CE5F829001E2791 /* NoticAgreeTableViewCell.swift in Sources */,
				F70D10721CE5F829001E2791 /* NoticAnswerTableViewCell.swift in Sources */,
				04A47A831D02AE32008CA3C8 /* ColorStateButton.swift in Sources */,
				F7B33AE91CF92C39003AC477 /* QuestionNeedAnswerModel.swift in Sources */,
				F75C0EFA1CF31E0100CCE364 /* HttpHandler.swift in Sources */,
				042B48161D30EE7D006A9720 /* RegisterModel.swift in Sources */,
				F7B33AE71CF9230E003AC477 /* HttpConstants.swift in Sources */,
				F7C6AB611CDDE3E9009A92D0 /* PersonalTableViewController.swift in Sources */,
				F70B27DB1CF4621F00F56519 /* StateLabel.swift in Sources */,
				F75C0EF91CF31E0100CCE364 /* User.swift in Sources */,
				04B360261CF7E24E00898796 /* AnswerAddedModel.swift in Sources */,
				044700721D32333F002FC36D /* FocusTableViewController.swift in Sources */,
				04DD670D1CF82273000B651F /* AddCommentViewController.swift in Sources */,
				042D03171CDF90270029790A /* QAnswerViewController.swift in Sources */,
				04A47A811D02A701008CA3C8 /* AnswerStateChangeModel.swift in Sources */,
			);
			runOnlyForDeploymentPostprocessing = 0;
		};
/* End PBXSourcesBuildPhase section */

/* Begin XCBuildConfiguration section */
		F7EB5BE41CDD80DA007B5D64 /* Debug */ = {
			isa = XCBuildConfiguration;
			buildSettings = {
				ALWAYS_SEARCH_USER_PATHS = NO;
				CLANG_CXX_LANGUAGE_STANDARD = "gnu++0x";
				CLANG_CXX_LIBRARY = "libc++";
				CLANG_ENABLE_MODULES = YES;
				CLANG_ENABLE_OBJC_ARC = YES;
				CLANG_WARN_BOOL_CONVERSION = YES;
				CLANG_WARN_CONSTANT_CONVERSION = YES;
				CLANG_WARN_DIRECT_OBJC_ISA_USAGE = YES_ERROR;
				CLANG_WARN_EMPTY_BODY = YES;
				CLANG_WARN_ENUM_CONVERSION = YES;
				CLANG_WARN_INT_CONVERSION = YES;
				CLANG_WARN_OBJC_ROOT_CLASS = YES_ERROR;
				CLANG_WARN_UNREACHABLE_CODE = YES;
				CLANG_WARN__DUPLICATE_METHOD_MATCH = YES;
				"CODE_SIGN_IDENTITY[sdk=iphoneos*]" = "iPhone Developer";
				COPY_PHASE_STRIP = NO;
				DEBUG_INFORMATION_FORMAT = dwarf;
				ENABLE_STRICT_OBJC_MSGSEND = YES;
				ENABLE_TESTABILITY = YES;
				GCC_C_LANGUAGE_STANDARD = gnu99;
				GCC_DYNAMIC_NO_PIC = NO;
				GCC_NO_COMMON_BLOCKS = YES;
				GCC_OPTIMIZATION_LEVEL = 0;
				GCC_PREPROCESSOR_DEFINITIONS = (
					"DEBUG=1",
					"$(inherited)",
				);
				GCC_WARN_64_TO_32_BIT_CONVERSION = YES;
				GCC_WARN_ABOUT_RETURN_TYPE = YES_ERROR;
				GCC_WARN_UNDECLARED_SELECTOR = YES;
				GCC_WARN_UNINITIALIZED_AUTOS = YES_AGGRESSIVE;
				GCC_WARN_UNUSED_FUNCTION = YES;
				GCC_WARN_UNUSED_VARIABLE = YES;
				IPHONEOS_DEPLOYMENT_TARGET = 9.2;
				MTL_ENABLE_DEBUG_INFO = YES;
				ONLY_ACTIVE_ARCH = YES;
				SDKROOT = iphoneos;
				SWIFT_OPTIMIZATION_LEVEL = "-Onone";
			};
			name = Debug;
		};
		F7EB5BE51CDD80DA007B5D64 /* Release */ = {
			isa = XCBuildConfiguration;
			buildSettings = {
				ALWAYS_SEARCH_USER_PATHS = NO;
				CLANG_CXX_LANGUAGE_STANDARD = "gnu++0x";
				CLANG_CXX_LIBRARY = "libc++";
				CLANG_ENABLE_MODULES = YES;
				CLANG_ENABLE_OBJC_ARC = YES;
				CLANG_WARN_BOOL_CONVERSION = YES;
				CLANG_WARN_CONSTANT_CONVERSION = YES;
				CLANG_WARN_DIRECT_OBJC_ISA_USAGE = YES_ERROR;
				CLANG_WARN_EMPTY_BODY = YES;
				CLANG_WARN_ENUM_CONVERSION = YES;
				CLANG_WARN_INT_CONVERSION = YES;
				CLANG_WARN_OBJC_ROOT_CLASS = YES_ERROR;
				CLANG_WARN_UNREACHABLE_CODE = YES;
				CLANG_WARN__DUPLICATE_METHOD_MATCH = YES;
				"CODE_SIGN_IDENTITY[sdk=iphoneos*]" = "iPhone Developer";
				COPY_PHASE_STRIP = NO;
				DEBUG_INFORMATION_FORMAT = "dwarf-with-dsym";
				ENABLE_NS_ASSERTIONS = NO;
				ENABLE_STRICT_OBJC_MSGSEND = YES;
				GCC_C_LANGUAGE_STANDARD = gnu99;
				GCC_NO_COMMON_BLOCKS = YES;
				GCC_WARN_64_TO_32_BIT_CONVERSION = YES;
				GCC_WARN_ABOUT_RETURN_TYPE = YES_ERROR;
				GCC_WARN_UNDECLARED_SELECTOR = YES;
				GCC_WARN_UNINITIALIZED_AUTOS = YES_AGGRESSIVE;
				GCC_WARN_UNUSED_FUNCTION = YES;
				GCC_WARN_UNUSED_VARIABLE = YES;
				IPHONEOS_DEPLOYMENT_TARGET = 9.2;
				MTL_ENABLE_DEBUG_INFO = NO;
				SDKROOT = iphoneos;
				VALIDATE_PRODUCT = YES;
			};
			name = Release;
		};
		F7EB5BE71CDD80DA007B5D64 /* Debug */ = {
			isa = XCBuildConfiguration;
			baseConfigurationReference = 44BB97955665B6557CFBE43B /* Pods-Science_Plus.debug.xcconfig */;
			buildSettings = {
				ASSETCATALOG_COMPILER_APPICON_NAME = "AppIcon-1";
				ASSETCATALOG_COMPILER_LAUNCHIMAGE_NAME = LaunchImage;
				CLANG_ENABLE_MODULES = YES;
				INFOPLIST_FILE = Science_Plus/Info.plist;
				LD_RUNPATH_SEARCH_PATHS = "$(inherited) @executable_path/Frameworks";
				PRODUCT_BUNDLE_IDENTIFIER = "cn.edu.nju.Science-Plus";
				PRODUCT_NAME = "$(TARGET_NAME)";
				SWIFT_OBJC_BRIDGING_HEADER = "Science_Plus/Science_Plus-Bridging-Header.h";
				SWIFT_OPTIMIZATION_LEVEL = "-Onone";
			};
			name = Debug;
		};
		F7EB5BE81CDD80DA007B5D64 /* Release */ = {
			isa = XCBuildConfiguration;
			baseConfigurationReference = D9567110461E3777EC7801A8 /* Pods-Science_Plus.release.xcconfig */;
			buildSettings = {
				ASSETCATALOG_COMPILER_APPICON_NAME = "AppIcon-1";
				ASSETCATALOG_COMPILER_LAUNCHIMAGE_NAME = LaunchImage;
				CLANG_ENABLE_MODULES = YES;
				INFOPLIST_FILE = Science_Plus/Info.plist;
				LD_RUNPATH_SEARCH_PATHS = "$(inherited) @executable_path/Frameworks";
				PRODUCT_BUNDLE_IDENTIFIER = "cn.edu.nju.Science-Plus";
				PRODUCT_NAME = "$(TARGET_NAME)";
				SWIFT_OBJC_BRIDGING_HEADER = "Science_Plus/Science_Plus-Bridging-Header.h";
				SWIFT_OPTIMIZATION_LEVEL = "-Onone";
			};
			name = Release;
		};
/* End XCBuildConfiguration section */

/* Begin XCConfigurationList section */
		F7EB5BCD1CDD80DA007B5D64 /* Build configuration list for PBXProject "Science_Plus" */ = {
			isa = XCConfigurationList;
			buildConfigurations = (
				F7EB5BE41CDD80DA007B5D64 /* Debug */,
				F7EB5BE51CDD80DA007B5D64 /* Release */,
			);
			defaultConfigurationIsVisible = 0;
			defaultConfigurationName = Release;
		};
		F7EB5BE61CDD80DA007B5D64 /* Build configuration list for PBXNativeTarget "Science_Plus" */ = {
			isa = XCConfigurationList;
			buildConfigurations = (
				F7EB5BE71CDD80DA007B5D64 /* Debug */,
				F7EB5BE81CDD80DA007B5D64 /* Release */,
			);
			defaultConfigurationIsVisible = 0;
			defaultConfigurationName = Release;
		};
/* End XCConfigurationList section */
	};
	rootObject = F7EB5BCA1CDD80DA007B5D64 /* Project object */;
}
