// !$*UTF8*$!
{
	archiveVersion = 1;
	classes = {
	};
	objectVersion = 46;
	objects = {

/* Begin PBXBuildFile section */
		044389661D41BD3E00D2D5E9 /* PersonDetailEditTableViewController.swift in Sources */ = {isa = PBXBuildFile; fileRef = 044389651D41BD3E00D2D5E9 /* PersonDetailEditTableViewController.swift */; };
		27B734066AF88A5F838CB7CF /* Pods_Science_Plus.framework in Frameworks */ = {isa = PBXBuildFile; fileRef = 55365EC3702112BF7EF2F81B /* Pods_Science_Plus.framework */; };
		F743221E1D40E39C00316E6C /* AnswerTheQuestionViewController.swift in Sources */ = {isa = PBXBuildFile; fileRef = F74321BD1D40E39C00316E6C /* AnswerTheQuestionViewController.swift */; };
		F743221F1D40E39C00316E6C /* AddCommentViewController.swift in Sources */ = {isa = PBXBuildFile; fileRef = F74321BF1D40E39C00316E6C /* AddCommentViewController.swift */; };
		F74322201D40E39C00316E6C /* LoginViewController.swift in Sources */ = {isa = PBXBuildFile; fileRef = F74321C21D40E39C00316E6C /* LoginViewController.swift */; };
		F74322211D40E39C00316E6C /* agreeTableViewController.swift in Sources */ = {isa = PBXBuildFile; fileRef = F74321C41D40E39C00316E6C /* agreeTableViewController.swift */; };
		F74322221D40E39C00316E6C /* NoticAgreeTableViewCell.swift in Sources */ = {isa = PBXBuildFile; fileRef = F74321C61D40E39C00316E6C /* NoticAgreeTableViewCell.swift */; };
		F74322231D40E39C00316E6C /* NoticAnswerTableViewCell.swift in Sources */ = {isa = PBXBuildFile; fileRef = F74321C71D40E39C00316E6C /* NoticAnswerTableViewCell.swift */; };
		F74322241D40E39C00316E6C /* NoticOtherTableViewCell.swift in Sources */ = {isa = PBXBuildFile; fileRef = F74321C81D40E39C00316E6C /* NoticOtherTableViewCell.swift */; };
		F74322251D40E39C00316E6C /* letterTableViewController.swift in Sources */ = {isa = PBXBuildFile; fileRef = F74321C91D40E39C00316E6C /* letterTableViewController.swift */; };
		F74322261D40E39C00316E6C /* MessageDetailViewController.swift in Sources */ = {isa = PBXBuildFile; fileRef = F74321CA1D40E39C00316E6C /* MessageDetailViewController.swift */; };
		F74322271D40E39C00316E6C /* MessageViewController.swift in Sources */ = {isa = PBXBuildFile; fileRef = F74321CB1D40E39C00316E6C /* MessageViewController.swift */; };
		F74322281D40E39C00316E6C /* NotificationTableViewController.swift in Sources */ = {isa = PBXBuildFile; fileRef = F74321CC1D40E39C00316E6C /* NotificationTableViewController.swift */; };
		F74322291D40E39C00316E6C /* FocusQuestionTableViewController.swift in Sources */ = {isa = PBXBuildFile; fileRef = F74321CE1D40E39C00316E6C /* FocusQuestionTableViewController.swift */; };
		F743222A1D40E39C00316E6C /* FocusTableViewController.swift in Sources */ = {isa = PBXBuildFile; fileRef = F74321CF1D40E39C00316E6C /* FocusTableViewController.swift */; };
		F743222B1D40E39C00316E6C /* MyAnswerTableViewController.swift in Sources */ = {isa = PBXBuildFile; fileRef = F74321D01D40E39C00316E6C /* MyAnswerTableViewController.swift */; };
		F743222C1D40E39C00316E6C /* PersonalTableViewController.swift in Sources */ = {isa = PBXBuildFile; fileRef = F74321D11D40E39C00316E6C /* PersonalTableViewController.swift */; };
		F743222D1D40E39C00316E6C /* PersonDataChangeViewControllerTableViewController.swift in Sources */ = {isa = PBXBuildFile; fileRef = F74321D21D40E39C00316E6C /* PersonDataChangeViewControllerTableViewController.swift */; };
		F743222E1D40E39C00316E6C /* PersonDetailTableViewController.swift in Sources */ = {isa = PBXBuildFile; fileRef = F74321D31D40E39C00316E6C /* PersonDetailTableViewController.swift */; };
		F743222F1D40E39C00316E6C /* QueryDetialViewController.swift in Sources */ = {isa = PBXBuildFile; fileRef = F74321D51D40E39C00316E6C /* QueryDetialViewController.swift */; };
		F74322301D40E39C00316E6C /* QueryTagViewController.swift in Sources */ = {isa = PBXBuildFile; fileRef = F74321D61D40E39C00316E6C /* QueryTagViewController.swift */; };
		F74322311D40E39C00316E6C /* QueryViewController.swift in Sources */ = {isa = PBXBuildFile; fileRef = F74321D71D40E39C00316E6C /* QueryViewController.swift */; };
		F74322321D40E39C00316E6C /* AnswerDetailViewController.swift in Sources */ = {isa = PBXBuildFile; fileRef = F74321D91D40E39C00316E6C /* AnswerDetailViewController.swift */; };
		F74322331D40E39C00316E6C /* CommentTableViewCell.swift in Sources */ = {isa = PBXBuildFile; fileRef = F74321DB1D40E39C00316E6C /* CommentTableViewCell.swift */; };
		F74322341D40E39C00316E6C /* MyTopicScrollView.swift in Sources */ = {isa = PBXBuildFile; fileRef = F74321DC1D40E39C00316E6C /* MyTopicScrollView.swift */; };
		F74322351D40E39C00316E6C /* QAnswerTableViewCell.swift in Sources */ = {isa = PBXBuildFile; fileRef = F74321DD1D40E39C00316E6C /* QAnswerTableViewCell.swift */; };
		F74322361D40E39C00316E6C /* QuestionNeedAnswerTableViewCell.swift in Sources */ = {isa = PBXBuildFile; fileRef = F74321DE1D40E39C00316E6C /* QuestionNeedAnswerTableViewCell.swift */; };
		F74322371D40E39C00316E6C /* QuestionTableViewCell.swift in Sources */ = {isa = PBXBuildFile; fileRef = F74321DF1D40E39C00316E6C /* QuestionTableViewCell.swift */; };
		F74322381D40E39C00316E6C /* Comment.swift in Sources */ = {isa = PBXBuildFile; fileRef = F74321E01D40E39C00316E6C /* Comment.swift */; };
		F74322391D40E39C00316E6C /* CommentViewController.swift in Sources */ = {isa = PBXBuildFile; fileRef = F74321E11D40E39C00316E6C /* CommentViewController.swift */; };
		F743223A1D40E39C00316E6C /* QAnswerViewController.swift in Sources */ = {isa = PBXBuildFile; fileRef = F74321E21D40E39C00316E6C /* QAnswerViewController.swift */; };
		F743223B1D40E39C00316E6C /* QuestionNeedAnswerViewController.swift in Sources */ = {isa = PBXBuildFile; fileRef = F74321E31D40E39C00316E6C /* QuestionNeedAnswerViewController.swift */; };
		F743223C1D40E39C00316E6C /* QuestionViewController.swift in Sources */ = {isa = PBXBuildFile; fileRef = F74321E41D40E39C00316E6C /* QuestionViewController.swift */; };
		F743223D1D40E39C00316E6C /* ShowAnswerDetailViewController.swift in Sources */ = {isa = PBXBuildFile; fileRef = F74321E51D40E39C00316E6C /* ShowAnswerDetailViewController.swift */; };
		F743223E1D40E39C00316E6C /* TotalViewController.swift in Sources */ = {isa = PBXBuildFile; fileRef = F74321E61D40E39C00316E6C /* TotalViewController.swift */; };
		F743223F1D40E39C00316E6C /* RegisterViewController.swift in Sources */ = {isa = PBXBuildFile; fileRef = F74321E81D40E39C00316E6C /* RegisterViewController.swift */; };
		F74322401D40E39C00316E6C /* Answer.swift in Sources */ = {isa = PBXBuildFile; fileRef = F74321EA1D40E39C00316E6C /* Answer.swift */; };
		F74322411D40E39C00316E6C /* Question.swift in Sources */ = {isa = PBXBuildFile; fileRef = F74321EB1D40E39C00316E6C /* Question.swift */; };
		F74322421D40E39C00316E6C /* AnswerAddedModel.swift in Sources */ = {isa = PBXBuildFile; fileRef = F74321ED1D40E39C00316E6C /* AnswerAddedModel.swift */; };
		F74322431D40E39C00316E6C /* AnswerDetailModel.swift in Sources */ = {isa = PBXBuildFile; fileRef = F74321EE1D40E39C00316E6C /* AnswerDetailModel.swift */; };
		F74322441D40E39C00316E6C /* AnswerStateChangeModel.swift in Sources */ = {isa = PBXBuildFile; fileRef = F74321EF1D40E39C00316E6C /* AnswerStateChangeModel.swift */; };
		F74322451D40E39C00316E6C /* CommentAddedModel.swift in Sources */ = {isa = PBXBuildFile; fileRef = F74321F01D40E39C00316E6C /* CommentAddedModel.swift */; };
		F74322461D40E39C00316E6C /* CommentViewModel.swift in Sources */ = {isa = PBXBuildFile; fileRef = F74321F11D40E39C00316E6C /* CommentViewModel.swift */; };
		F74322471D40E39C00316E6C /* FocusStateChangeModel.swift in Sources */ = {isa = PBXBuildFile; fileRef = F74321F21D40E39C00316E6C /* FocusStateChangeModel.swift */; };
		F74322481D40E39C00316E6C /* QuestionAddedModel.swift in Sources */ = {isa = PBXBuildFile; fileRef = F74321F31D40E39C00316E6C /* QuestionAddedModel.swift */; };
		F74322491D40E39C00316E6C /* QuestionListModel.swift in Sources */ = {isa = PBXBuildFile; fileRef = F74321F41D40E39C00316E6C /* QuestionListModel.swift */; };
		F743224A1D40E39C00316E6C /* QuestionNeedAnswerModel.swift in Sources */ = {isa = PBXBuildFile; fileRef = F74321F51D40E39C00316E6C /* QuestionNeedAnswerModel.swift */; };
		F743224B1D40E39C00316E6C /* QusetionDetailModel.swift in Sources */ = {isa = PBXBuildFile; fileRef = F74321F61D40E39C00316E6C /* QusetionDetailModel.swift */; };
		F743224C1D40E39C00316E6C /* RegisterModel.swift in Sources */ = {isa = PBXBuildFile; fileRef = F74321F71D40E39C00316E6C /* RegisterModel.swift */; };
		F743224D1D40E39C00316E6C /* User.swift in Sources */ = {isa = PBXBuildFile; fileRef = F74321F81D40E39C00316E6C /* User.swift */; };
		F743224E1D40E39C00316E6C /* HttpConstants.swift in Sources */ = {isa = PBXBuildFile; fileRef = F74321FA1D40E39C00316E6C /* HttpConstants.swift */; };
		F743224F1D40E39C00316E6C /* HttpHandler.swift in Sources */ = {isa = PBXBuildFile; fileRef = F74321FB1D40E39C00316E6C /* HttpHandler.swift */; };
		F74322501D40E39C00316E6C /* AnswerTheQuestion.storyboard in Resources */ = {isa = PBXBuildFile; fileRef = F74321FD1D40E39C00316E6C /* AnswerTheQuestion.storyboard */; };
		F74322511D40E39C00316E6C /* Comment.storyboard in Resources */ = {isa = PBXBuildFile; fileRef = F74321FE1D40E39C00316E6C /* Comment.storyboard */; };
		F74322521D40E39C00316E6C /* Following.storyboard in Resources */ = {isa = PBXBuildFile; fileRef = F74321FF1D40E39C00316E6C /* Following.storyboard */; };
		F74322531D40E39C00316E6C /* LanuchScreen.storyboard in Resources */ = {isa = PBXBuildFile; fileRef = F74322001D40E39C00316E6C /* LanuchScreen.storyboard */; };
		F74322541D40E39C00316E6C /* Main.storyboard in Resources */ = {isa = PBXBuildFile; fileRef = F74322011D40E39C00316E6C /* Main.storyboard */; };
		F74322551D40E39C00316E6C /* Messages.storyboard in Resources */ = {isa = PBXBuildFile; fileRef = F74322021D40E39C00316E6C /* Messages.storyboard */; };
		F74322561D40E39C00316E6C /* Personal.storyboard in Resources */ = {isa = PBXBuildFile; fileRef = F74322031D40E39C00316E6C /* Personal.storyboard */; };
		F74322571D40E39C00316E6C /* Query.storyboard in Resources */ = {isa = PBXBuildFile; fileRef = F74322041D40E39C00316E6C /* Query.storyboard */; };
		F74322581D40E39C00316E6C /* Question.storyboard in Resources */ = {isa = PBXBuildFile; fileRef = F74322051D40E39C00316E6C /* Question.storyboard */; };
		F74322591D40E39C00316E6C /* AppDelegate.swift in Sources */ = {isa = PBXBuildFile; fileRef = F74322071D40E39C00316E6C /* AppDelegate.swift */; };
		F743225A1D40E39C00316E6C /* Assets.xcassets in Resources */ = {isa = PBXBuildFile; fileRef = F74322081D40E39C00316E6C /* Assets.xcassets */; };
		F743225B1D40E39C00316E6C /* ClassExtension.swift in Sources */ = {isa = PBXBuildFile; fileRef = F74322091D40E39C00316E6C /* ClassExtension.swift */; };
		F743225C1D40E39C00316E6C /* Info.plist in Resources */ = {isa = PBXBuildFile; fileRef = F743220A1D40E39C00316E6C /* Info.plist */; };
		F743225D1D40E39C00316E6C /* SwiftNotice.swift in Sources */ = {isa = PBXBuildFile; fileRef = F743220C1D40E39C00316E6C /* SwiftNotice.swift */; };
		F743225E1D40E39C00316E6C /* ColorStateButton.swift in Sources */ = {isa = PBXBuildFile; fileRef = F74322101D40E39C00316E6C /* ColorStateButton.swift */; };
		F743225F1D40E39C00316E6C /* StateButton.swift in Sources */ = {isa = PBXBuildFile; fileRef = F74322111D40E39C00316E6C /* StateButton.swift */; };
		F74322601D40E39C00316E6C /* CustomTableIndicator.swift in Sources */ = {isa = PBXBuildFile; fileRef = F74322131D40E39C00316E6C /* CustomTableIndicator.swift */; };
		F74322611D40E39C00316E6C /* InfititeScrollerView.swift in Sources */ = {isa = PBXBuildFile; fileRef = F74322141D40E39C00316E6C /* InfititeScrollerView.swift */; };
		F74322621D40E39C00316E6C /* MyTopicLabel.xib in Resources */ = {isa = PBXBuildFile; fileRef = F74322161D40E39C00316E6C /* MyTopicLabel.xib */; };
		F74322631D40E39C00316E6C /* StateLabel.swift in Sources */ = {isa = PBXBuildFile; fileRef = F74322171D40E39C00316E6C /* StateLabel.swift */; };
		F74322641D40E39C00316E6C /* MyTopicLabel.xib in Resources */ = {isa = PBXBuildFile; fileRef = F74322181D40E39C00316E6C /* MyTopicLabel.xib */; };
		F74322651D40E39C00316E6C /* ScrollPager.swift in Sources */ = {isa = PBXBuildFile; fileRef = F74322191D40E39C00316E6C /* ScrollPager.swift */; };
		F74322661D40E39C00316E6C /* TestUITabTableViewCell.swift in Sources */ = {isa = PBXBuildFile; fileRef = F743221A1D40E39C00316E6C /* TestUITabTableViewCell.swift */; };
		F74322671D40E39C00316E6C /* TimeTransfer.swift in Sources */ = {isa = PBXBuildFile; fileRef = F743221B1D40E39C00316E6C /* TimeTransfer.swift */; };
		F74322681D40E39C00316E6C /* Constants.swift in Sources */ = {isa = PBXBuildFile; fileRef = F743221D1D40E39C00316E6C /* Constants.swift */; };
		F7D593871D43AE7600C6D436 /* ModelName.xcdatamodeld in Sources */ = {isa = PBXBuildFile; fileRef = F7D593851D43AE7600C6D436 /* ModelName.xcdatamodeld */; };
/* End PBXBuildFile section */

/* Begin PBXFileReference section */
		044389651D41BD3E00D2D5E9 /* PersonDetailEditTableViewController.swift */ = {isa = PBXFileReference; fileEncoding = 4; lastKnownFileType = sourcecode.swift; name = PersonDetailEditTableViewController.swift; path = Science_Plus/Controller/Personal/PersonDetailEditTableViewController.swift; sourceTree = SOURCE_ROOT; };
		44BB97955665B6557CFBE43B /* Pods-Science_Plus.debug.xcconfig */ = {isa = PBXFileReference; includeInIndex = 1; lastKnownFileType = text.xcconfig; name = "Pods-Science_Plus.debug.xcconfig"; path = "Pods/Target Support Files/Pods-Science_Plus/Pods-Science_Plus.debug.xcconfig"; sourceTree = "<group>"; };
		55365EC3702112BF7EF2F81B /* Pods_Science_Plus.framework */ = {isa = PBXFileReference; explicitFileType = wrapper.framework; includeInIndex = 0; path = Pods_Science_Plus.framework; sourceTree = BUILT_PRODUCTS_DIR; };
		D9567110461E3777EC7801A8 /* Pods-Science_Plus.release.xcconfig */ = {isa = PBXFileReference; includeInIndex = 1; lastKnownFileType = text.xcconfig; name = "Pods-Science_Plus.release.xcconfig"; path = "Pods/Target Support Files/Pods-Science_Plus/Pods-Science_Plus.release.xcconfig"; sourceTree = "<group>"; };
		F74321BD1D40E39C00316E6C /* AnswerTheQuestionViewController.swift */ = {isa = PBXFileReference; fileEncoding = 4; lastKnownFileType = sourcecode.swift; path = AnswerTheQuestionViewController.swift; sourceTree = "<group>"; };
		F74321BF1D40E39C00316E6C /* AddCommentViewController.swift */ = {isa = PBXFileReference; fileEncoding = 4; lastKnownFileType = sourcecode.swift; path = AddCommentViewController.swift; sourceTree = "<group>"; };
		F74321C21D40E39C00316E6C /* LoginViewController.swift */ = {isa = PBXFileReference; fileEncoding = 4; lastKnownFileType = sourcecode.swift; path = LoginViewController.swift; sourceTree = "<group>"; };
		F74321C41D40E39C00316E6C /* agreeTableViewController.swift */ = {isa = PBXFileReference; fileEncoding = 4; lastKnownFileType = sourcecode.swift; path = agreeTableViewController.swift; sourceTree = "<group>"; };
		F74321C61D40E39C00316E6C /* NoticAgreeTableViewCell.swift */ = {isa = PBXFileReference; fileEncoding = 4; lastKnownFileType = sourcecode.swift; path = NoticAgreeTableViewCell.swift; sourceTree = "<group>"; };
		F74321C71D40E39C00316E6C /* NoticAnswerTableViewCell.swift */ = {isa = PBXFileReference; fileEncoding = 4; lastKnownFileType = sourcecode.swift; path = NoticAnswerTableViewCell.swift; sourceTree = "<group>"; };
		F74321C81D40E39C00316E6C /* NoticOtherTableViewCell.swift */ = {isa = PBXFileReference; fileEncoding = 4; lastKnownFileType = sourcecode.swift; path = NoticOtherTableViewCell.swift; sourceTree = "<group>"; };
		F74321C91D40E39C00316E6C /* letterTableViewController.swift */ = {isa = PBXFileReference; fileEncoding = 4; lastKnownFileType = sourcecode.swift; path = letterTableViewController.swift; sourceTree = "<group>"; };
		F74321CA1D40E39C00316E6C /* MessageDetailViewController.swift */ = {isa = PBXFileReference; fileEncoding = 4; lastKnownFileType = sourcecode.swift; path = MessageDetailViewController.swift; sourceTree = "<group>"; };
		F74321CB1D40E39C00316E6C /* MessageViewController.swift */ = {isa = PBXFileReference; fileEncoding = 4; lastKnownFileType = sourcecode.swift; path = MessageViewController.swift; sourceTree = "<group>"; };
		F74321CC1D40E39C00316E6C /* NotificationTableViewController.swift */ = {isa = PBXFileReference; fileEncoding = 4; lastKnownFileType = sourcecode.swift; path = NotificationTableViewController.swift; sourceTree = "<group>"; };
		F74321CE1D40E39C00316E6C /* FocusQuestionTableViewController.swift */ = {isa = PBXFileReference; fileEncoding = 4; lastKnownFileType = sourcecode.swift; path = FocusQuestionTableViewController.swift; sourceTree = "<group>"; };
		F74321CF1D40E39C00316E6C /* FocusTableViewController.swift */ = {isa = PBXFileReference; fileEncoding = 4; lastKnownFileType = sourcecode.swift; path = FocusTableViewController.swift; sourceTree = "<group>"; };
		F74321D01D40E39C00316E6C /* MyAnswerTableViewController.swift */ = {isa = PBXFileReference; fileEncoding = 4; lastKnownFileType = sourcecode.swift; path = MyAnswerTableViewController.swift; sourceTree = "<group>"; };
		F74321D11D40E39C00316E6C /* PersonalTableViewController.swift */ = {isa = PBXFileReference; fileEncoding = 4; lastKnownFileType = sourcecode.swift; path = PersonalTableViewController.swift; sourceTree = "<group>"; };
		F74321D21D40E39C00316E6C /* PersonDataChangeViewControllerTableViewController.swift */ = {isa = PBXFileReference; fileEncoding = 4; lastKnownFileType = sourcecode.swift; path = PersonDataChangeViewControllerTableViewController.swift; sourceTree = "<group>"; };
		F74321D31D40E39C00316E6C /* PersonDetailTableViewController.swift */ = {isa = PBXFileReference; fileEncoding = 4; lastKnownFileType = sourcecode.swift; path = PersonDetailTableViewController.swift; sourceTree = "<group>"; };
		F74321D51D40E39C00316E6C /* QueryDetialViewController.swift */ = {isa = PBXFileReference; fileEncoding = 4; lastKnownFileType = sourcecode.swift; path = QueryDetialViewController.swift; sourceTree = "<group>"; };
		F74321D61D40E39C00316E6C /* QueryTagViewController.swift */ = {isa = PBXFileReference; fileEncoding = 4; lastKnownFileType = sourcecode.swift; path = QueryTagViewController.swift; sourceTree = "<group>"; };
		F74321D71D40E39C00316E6C /* QueryViewController.swift */ = {isa = PBXFileReference; fileEncoding = 4; lastKnownFileType = sourcecode.swift; path = QueryViewController.swift; sourceTree = "<group>"; };
		F74321D91D40E39C00316E6C /* AnswerDetailViewController.swift */ = {isa = PBXFileReference; fileEncoding = 4; lastKnownFileType = sourcecode.swift; path = AnswerDetailViewController.swift; sourceTree = "<group>"; };
		F74321DB1D40E39C00316E6C /* CommentTableViewCell.swift */ = {isa = PBXFileReference; fileEncoding = 4; lastKnownFileType = sourcecode.swift; path = CommentTableViewCell.swift; sourceTree = "<group>"; };
		F74321DC1D40E39C00316E6C /* MyTopicScrollView.swift */ = {isa = PBXFileReference; fileEncoding = 4; lastKnownFileType = sourcecode.swift; path = MyTopicScrollView.swift; sourceTree = "<group>"; };
		F74321DD1D40E39C00316E6C /* QAnswerTableViewCell.swift */ = {isa = PBXFileReference; fileEncoding = 4; lastKnownFileType = sourcecode.swift; path = QAnswerTableViewCell.swift; sourceTree = "<group>"; };
		F74321DE1D40E39C00316E6C /* QuestionNeedAnswerTableViewCell.swift */ = {isa = PBXFileReference; fileEncoding = 4; lastKnownFileType = sourcecode.swift; path = QuestionNeedAnswerTableViewCell.swift; sourceTree = "<group>"; };
		F74321DF1D40E39C00316E6C /* QuestionTableViewCell.swift */ = {isa = PBXFileReference; fileEncoding = 4; lastKnownFileType = sourcecode.swift; path = QuestionTableViewCell.swift; sourceTree = "<group>"; };
		F74321E01D40E39C00316E6C /* Comment.swift */ = {isa = PBXFileReference; fileEncoding = 4; lastKnownFileType = sourcecode.swift; path = Comment.swift; sourceTree = "<group>"; };
		F74321E11D40E39C00316E6C /* CommentViewController.swift */ = {isa = PBXFileReference; fileEncoding = 4; lastKnownFileType = sourcecode.swift; path = CommentViewController.swift; sourceTree = "<group>"; };
		F74321E21D40E39C00316E6C /* QAnswerViewController.swift */ = {isa = PBXFileReference; fileEncoding = 4; lastKnownFileType = sourcecode.swift; path = QAnswerViewController.swift; sourceTree = "<group>"; };
		F74321E31D40E39C00316E6C /* QuestionNeedAnswerViewController.swift */ = {isa = PBXFileReference; fileEncoding = 4; lastKnownFileType = sourcecode.swift; path = QuestionNeedAnswerViewController.swift; sourceTree = "<group>"; };
		F74321E41D40E39C00316E6C /* QuestionViewController.swift */ = {isa = PBXFileReference; fileEncoding = 4; lastKnownFileType = sourcecode.swift; path = QuestionViewController.swift; sourceTree = "<group>"; };
		F74321E51D40E39C00316E6C /* ShowAnswerDetailViewController.swift */ = {isa = PBXFileReference; fileEncoding = 4; lastKnownFileType = sourcecode.swift; path = ShowAnswerDetailViewController.swift; sourceTree = "<group>"; };
		F74321E61D40E39C00316E6C /* TotalViewController.swift */ = {isa = PBXFileReference; fileEncoding = 4; lastKnownFileType = sourcecode.swift; path = TotalViewController.swift; sourceTree = "<group>"; };
		F74321E81D40E39C00316E6C /* RegisterViewController.swift */ = {isa = PBXFileReference; fileEncoding = 4; lastKnownFileType = sourcecode.swift; path = RegisterViewController.swift; sourceTree = "<group>"; };
		F74321EA1D40E39C00316E6C /* Answer.swift */ = {isa = PBXFileReference; fileEncoding = 4; lastKnownFileType = sourcecode.swift; path = Answer.swift; sourceTree = "<group>"; };
		F74321EB1D40E39C00316E6C /* Question.swift */ = {isa = PBXFileReference; fileEncoding = 4; lastKnownFileType = sourcecode.swift; path = Question.swift; sourceTree = "<group>"; };
		F74321ED1D40E39C00316E6C /* AnswerAddedModel.swift */ = {isa = PBXFileReference; fileEncoding = 4; lastKnownFileType = sourcecode.swift; path = AnswerAddedModel.swift; sourceTree = "<group>"; };
		F74321EE1D40E39C00316E6C /* AnswerDetailModel.swift */ = {isa = PBXFileReference; fileEncoding = 4; lastKnownFileType = sourcecode.swift; path = AnswerDetailModel.swift; sourceTree = "<group>"; };
		F74321EF1D40E39C00316E6C /* AnswerStateChangeModel.swift */ = {isa = PBXFileReference; fileEncoding = 4; lastKnownFileType = sourcecode.swift; path = AnswerStateChangeModel.swift; sourceTree = "<group>"; };
		F74321F01D40E39C00316E6C /* CommentAddedModel.swift */ = {isa = PBXFileReference; fileEncoding = 4; lastKnownFileType = sourcecode.swift; path = CommentAddedModel.swift; sourceTree = "<group>"; };
		F74321F11D40E39C00316E6C /* CommentViewModel.swift */ = {isa = PBXFileReference; fileEncoding = 4; lastKnownFileType = sourcecode.swift; path = CommentViewModel.swift; sourceTree = "<group>"; };
		F74321F21D40E39C00316E6C /* FocusStateChangeModel.swift */ = {isa = PBXFileReference; fileEncoding = 4; lastKnownFileType = sourcecode.swift; path = FocusStateChangeModel.swift; sourceTree = "<group>"; };
		F74321F31D40E39C00316E6C /* QuestionAddedModel.swift */ = {isa = PBXFileReference; fileEncoding = 4; lastKnownFileType = sourcecode.swift; path = QuestionAddedModel.swift; sourceTree = "<group>"; };
		F74321F41D40E39C00316E6C /* QuestionListModel.swift */ = {isa = PBXFileReference; fileEncoding = 4; lastKnownFileType = sourcecode.swift; path = QuestionListModel.swift; sourceTree = "<group>"; };
		F74321F51D40E39C00316E6C /* QuestionNeedAnswerModel.swift */ = {isa = PBXFileReference; fileEncoding = 4; lastKnownFileType = sourcecode.swift; path = QuestionNeedAnswerModel.swift; sourceTree = "<group>"; };
		F74321F61D40E39C00316E6C /* QusetionDetailModel.swift */ = {isa = PBXFileReference; fileEncoding = 4; lastKnownFileType = sourcecode.swift; path = QusetionDetailModel.swift; sourceTree = "<group>"; };
		F74321F71D40E39C00316E6C /* RegisterModel.swift */ = {isa = PBXFileReference; fileEncoding = 4; lastKnownFileType = sourcecode.swift; path = RegisterModel.swift; sourceTree = "<group>"; };
		F74321F81D40E39C00316E6C /* User.swift */ = {isa = PBXFileReference; fileEncoding = 4; lastKnownFileType = sourcecode.swift; path = User.swift; sourceTree = "<group>"; };
		F74321FA1D40E39C00316E6C /* HttpConstants.swift */ = {isa = PBXFileReference; fileEncoding = 4; lastKnownFileType = sourcecode.swift; path = HttpConstants.swift; sourceTree = "<group>"; };
		F74321FB1D40E39C00316E6C /* HttpHandler.swift */ = {isa = PBXFileReference; fileEncoding = 4; lastKnownFileType = sourcecode.swift; path = HttpHandler.swift; sourceTree = "<group>"; };
		F74321FD1D40E39C00316E6C /* AnswerTheQuestion.storyboard */ = {isa = PBXFileReference; fileEncoding = 4; lastKnownFileType = file.storyboard; path = AnswerTheQuestion.storyboard; sourceTree = "<group>"; };
		F74321FE1D40E39C00316E6C /* Comment.storyboard */ = {isa = PBXFileReference; fileEncoding = 4; lastKnownFileType = file.storyboard; path = Comment.storyboard; sourceTree = "<group>"; };
		F74321FF1D40E39C00316E6C /* Following.storyboard */ = {isa = PBXFileReference; fileEncoding = 4; lastKnownFileType = file.storyboard; path = Following.storyboard; sourceTree = "<group>"; };
		F74322001D40E39C00316E6C /* LanuchScreen.storyboard */ = {isa = PBXFileReference; fileEncoding = 4; lastKnownFileType = file.storyboard; path = LanuchScreen.storyboard; sourceTree = "<group>"; };
		F74322011D40E39C00316E6C /* Main.storyboard */ = {isa = PBXFileReference; fileEncoding = 4; lastKnownFileType = file.storyboard; path = Main.storyboard; sourceTree = "<group>"; };
		F74322021D40E39C00316E6C /* Messages.storyboard */ = {isa = PBXFileReference; fileEncoding = 4; lastKnownFileType = file.storyboard; path = Messages.storyboard; sourceTree = "<group>"; };
		F74322031D40E39C00316E6C /* Personal.storyboard */ = {isa = PBXFileReference; fileEncoding = 4; lastKnownFileType = file.storyboard; path = Personal.storyboard; sourceTree = "<group>"; };
		F74322041D40E39C00316E6C /* Query.storyboard */ = {isa = PBXFileReference; fileEncoding = 4; lastKnownFileType = file.storyboard; path = Query.storyboard; sourceTree = "<group>"; };
		F74322051D40E39C00316E6C /* Question.storyboard */ = {isa = PBXFileReference; fileEncoding = 4; lastKnownFileType = file.storyboard; path = Question.storyboard; sourceTree = "<group>"; };
		F74322071D40E39C00316E6C /* AppDelegate.swift */ = {isa = PBXFileReference; fileEncoding = 4; lastKnownFileType = sourcecode.swift; path = AppDelegate.swift; sourceTree = "<group>"; };
		F74322081D40E39C00316E6C /* Assets.xcassets */ = {isa = PBXFileReference; lastKnownFileType = folder.assetcatalog; path = Assets.xcassets; sourceTree = "<group>"; };
		F74322091D40E39C00316E6C /* ClassExtension.swift */ = {isa = PBXFileReference; fileEncoding = 4; lastKnownFileType = sourcecode.swift; path = ClassExtension.swift; sourceTree = "<group>"; };
		F743220A1D40E39C00316E6C /* Info.plist */ = {isa = PBXFileReference; fileEncoding = 4; lastKnownFileType = text.plist.xml; path = Info.plist; sourceTree = "<group>"; };
		F743220B1D40E39C00316E6C /* Science_Plus-Bridging-Header.h */ = {isa = PBXFileReference; fileEncoding = 4; lastKnownFileType = sourcecode.c.h; path = "Science_Plus-Bridging-Header.h"; sourceTree = "<group>"; };
		F743220C1D40E39C00316E6C /* SwiftNotice.swift */ = {isa = PBXFileReference; fileEncoding = 4; lastKnownFileType = sourcecode.swift; path = SwiftNotice.swift; sourceTree = "<group>"; };
		F743220D1D40E39C00316E6C /* UIScrollView+InfiniteScroll.h */ = {isa = PBXFileReference; fileEncoding = 4; lastKnownFileType = sourcecode.c.h; path = "UIScrollView+InfiniteScroll.h"; sourceTree = "<group>"; };
		F74322101D40E39C00316E6C /* ColorStateButton.swift */ = {isa = PBXFileReference; fileEncoding = 4; lastKnownFileType = sourcecode.swift; path = ColorStateButton.swift; sourceTree = "<group>"; };
		F74322111D40E39C00316E6C /* StateButton.swift */ = {isa = PBXFileReference; fileEncoding = 4; lastKnownFileType = sourcecode.swift; path = StateButton.swift; sourceTree = "<group>"; };
		F74322131D40E39C00316E6C /* CustomTableIndicator.swift */ = {isa = PBXFileReference; fileEncoding = 4; lastKnownFileType = sourcecode.swift; path = CustomTableIndicator.swift; sourceTree = "<group>"; };
		F74322141D40E39C00316E6C /* InfititeScrollerView.swift */ = {isa = PBXFileReference; fileEncoding = 4; lastKnownFileType = sourcecode.swift; path = InfititeScrollerView.swift; sourceTree = "<group>"; };
		F74322161D40E39C00316E6C /* MyTopicLabel.xib */ = {isa = PBXFileReference; fileEncoding = 4; lastKnownFileType = file.xib; path = MyTopicLabel.xib; sourceTree = "<group>"; };
		F74322171D40E39C00316E6C /* StateLabel.swift */ = {isa = PBXFileReference; fileEncoding = 4; lastKnownFileType = sourcecode.swift; path = StateLabel.swift; sourceTree = "<group>"; };
		F74322181D40E39C00316E6C /* MyTopicLabel.xib */ = {isa = PBXFileReference; fileEncoding = 4; lastKnownFileType = file.xib; path = MyTopicLabel.xib; sourceTree = "<group>"; };
		F74322191D40E39C00316E6C /* ScrollPager.swift */ = {isa = PBXFileReference; fileEncoding = 4; lastKnownFileType = sourcecode.swift; path = ScrollPager.swift; sourceTree = "<group>"; };
		F743221A1D40E39C00316E6C /* TestUITabTableViewCell.swift */ = {isa = PBXFileReference; fileEncoding = 4; lastKnownFileType = sourcecode.swift; path = TestUITabTableViewCell.swift; sourceTree = "<group>"; };
		F743221B1D40E39C00316E6C /* TimeTransfer.swift */ = {isa = PBXFileReference; fileEncoding = 4; lastKnownFileType = sourcecode.swift; path = TimeTransfer.swift; sourceTree = "<group>"; };
		F743221D1D40E39C00316E6C /* Constants.swift */ = {isa = PBXFileReference; fileEncoding = 4; lastKnownFileType = sourcecode.swift; path = Constants.swift; sourceTree = "<group>"; };
		F7D593861D43AE7600C6D436 /* ModelName.xcdatamodel */ = {isa = PBXFileReference; lastKnownFileType = wrapper.xcdatamodel; path = ModelName.xcdatamodel; sourceTree = "<group>"; };
		F7EB5BD21CDD80DA007B5D64 /* Science_Plus.app */ = {isa = PBXFileReference; explicitFileType = wrapper.application; includeInIndex = 0; path = Science_Plus.app; sourceTree = BUILT_PRODUCTS_DIR; };
/* End PBXFileReference section */

/* Begin PBXFrameworksBuildPhase section */
		F7EB5BCF1CDD80DA007B5D64 /* Frameworks */ = {
			isa = PBXFrameworksBuildPhase;
			buildActionMask = 2147483647;
			files = (
				27B734066AF88A5F838CB7CF /* Pods_Science_Plus.framework in Frameworks */,
			);
			runOnlyForDeploymentPostprocessing = 0;
		};
/* End PBXFrameworksBuildPhase section */

/* Begin PBXGroup section */
		86A29458A5664CEB92C56F60 /* Frameworks */ = {
			isa = PBXGroup;
			children = (
				55365EC3702112BF7EF2F81B /* Pods_Science_Plus.framework */,
			);
			name = Frameworks;
			sourceTree = "<group>";
		};
		B81E47D4BA7628097FAAB650 /* Pods */ = {
			isa = PBXGroup;
			children = (
				44BB97955665B6557CFBE43B /* Pods-Science_Plus.debug.xcconfig */,
				D9567110461E3777EC7801A8 /* Pods-Science_Plus.release.xcconfig */,
			);
			name = Pods;
			sourceTree = "<group>";
		};
		F74321BB1D40E39C00316E6C /* controller */ = {
			isa = PBXGroup;
			children = (
				F74321BC1D40E39C00316E6C /* answerTheQuestion */,
				F74321BE1D40E39C00316E6C /* comment */,
				F74321C01D40E39C00316E6C /* following */,
				F74321C11D40E39C00316E6C /* login */,
				F74321C31D40E39C00316E6C /* messages */,
				F74321CD1D40E39C00316E6C /* personal */,
				F74321D41D40E39C00316E6C /* query */,
				F74321D81D40E39C00316E6C /* question */,
				F74321E71D40E39C00316E6C /* register */,
			);
			path = controller;
			sourceTree = "<group>";
		};
		F74321BC1D40E39C00316E6C /* answerTheQuestion */ = {
			isa = PBXGroup;
			children = (
				F74321BD1D40E39C00316E6C /* AnswerTheQuestionViewController.swift */,
			);
			path = answerTheQuestion;
			sourceTree = "<group>";
		};
		F74321BE1D40E39C00316E6C /* comment */ = {
			isa = PBXGroup;
			children = (
				F74321BF1D40E39C00316E6C /* AddCommentViewController.swift */,
			);
			path = comment;
			sourceTree = "<group>";
		};
		F74321C01D40E39C00316E6C /* following */ = {
			isa = PBXGroup;
			children = (
			);
			path = following;
			sourceTree = "<group>";
		};
		F74321C11D40E39C00316E6C /* login */ = {
			isa = PBXGroup;
			children = (
				F74321C21D40E39C00316E6C /* LoginViewController.swift */,
			);
			path = login;
			sourceTree = "<group>";
		};
		F74321C31D40E39C00316E6C /* messages */ = {
			isa = PBXGroup;
			children = (
				F74321C41D40E39C00316E6C /* agreeTableViewController.swift */,
				F74321C51D40E39C00316E6C /* cell */,
				F74321C91D40E39C00316E6C /* letterTableViewController.swift */,
				F74321CA1D40E39C00316E6C /* MessageDetailViewController.swift */,
				F74321CB1D40E39C00316E6C /* MessageViewController.swift */,
				F74321CC1D40E39C00316E6C /* NotificationTableViewController.swift */,
			);
			path = messages;
			sourceTree = "<group>";
		};
		F74321C51D40E39C00316E6C /* cell */ = {
			isa = PBXGroup;
			children = (
				F74321C61D40E39C00316E6C /* NoticAgreeTableViewCell.swift */,
				F74321C71D40E39C00316E6C /* NoticAnswerTableViewCell.swift */,
				F74321C81D40E39C00316E6C /* NoticOtherTableViewCell.swift */,
			);
			path = cell;
			sourceTree = "<group>";
		};
		F74321CD1D40E39C00316E6C /* personal */ = {
			isa = PBXGroup;
			children = (
				F74321CE1D40E39C00316E6C /* FocusQuestionTableViewController.swift */,
				F74321CF1D40E39C00316E6C /* FocusTableViewController.swift */,
				F74321D01D40E39C00316E6C /* MyAnswerTableViewController.swift */,
				F74321D11D40E39C00316E6C /* PersonalTableViewController.swift */,
				F74321D21D40E39C00316E6C /* PersonDataChangeViewControllerTableViewController.swift */,
				F74321D31D40E39C00316E6C /* PersonDetailTableViewController.swift */,
				044389651D41BD3E00D2D5E9 /* PersonDetailEditTableViewController.swift */,
			);
			path = personal;
			sourceTree = "<group>";
		};
		F74321D41D40E39C00316E6C /* query */ = {
			isa = PBXGroup;
			children = (
				F74321D51D40E39C00316E6C /* QueryDetialViewController.swift */,
				F74321D61D40E39C00316E6C /* QueryTagViewController.swift */,
				F74321D71D40E39C00316E6C /* QueryViewController.swift */,
			);
			path = query;
			sourceTree = "<group>";
		};
		F74321D81D40E39C00316E6C /* question */ = {
			isa = PBXGroup;
			children = (
				F74321D91D40E39C00316E6C /* AnswerDetailViewController.swift */,
				F74321DA1D40E39C00316E6C /* cell */,
				F74321E01D40E39C00316E6C /* Comment.swift */,
				F74321E11D40E39C00316E6C /* CommentViewController.swift */,
				F74321E21D40E39C00316E6C /* QAnswerViewController.swift */,
				F74321E31D40E39C00316E6C /* QuestionNeedAnswerViewController.swift */,
				F74321E41D40E39C00316E6C /* QuestionViewController.swift */,
				F74321E51D40E39C00316E6C /* ShowAnswerDetailViewController.swift */,
				F74321E61D40E39C00316E6C /* TotalViewController.swift */,
			);
			path = question;
			sourceTree = "<group>";
		};
		F74321DA1D40E39C00316E6C /* cell */ = {
			isa = PBXGroup;
			children = (
				F74321DB1D40E39C00316E6C /* CommentTableViewCell.swift */,
				F74321DC1D40E39C00316E6C /* MyTopicScrollView.swift */,
				F74321DD1D40E39C00316E6C /* QAnswerTableViewCell.swift */,
				F74321DE1D40E39C00316E6C /* QuestionNeedAnswerTableViewCell.swift */,
				F74321DF1D40E39C00316E6C /* QuestionTableViewCell.swift */,
			);
			path = cell;
			sourceTree = "<group>";
		};
		F74321E71D40E39C00316E6C /* register */ = {
			isa = PBXGroup;
			children = (
				F74321E81D40E39C00316E6C /* RegisterViewController.swift */,
			);
			path = register;
			sourceTree = "<group>";
		};
		F74321E91D40E39C00316E6C /* entity */ = {
			isa = PBXGroup;
			children = (
				F74321EA1D40E39C00316E6C /* Answer.swift */,
				F74321EB1D40E39C00316E6C /* Question.swift */,
			);
			path = entity;
			sourceTree = "<group>";
		};
		F74321EC1D40E39C00316E6C /* model */ = {
			isa = PBXGroup;
			children = (
				F74321ED1D40E39C00316E6C /* AnswerAddedModel.swift */,
				F74321EE1D40E39C00316E6C /* AnswerDetailModel.swift */,
				F74321EF1D40E39C00316E6C /* AnswerStateChangeModel.swift */,
				F74321F01D40E39C00316E6C /* CommentAddedModel.swift */,
				F74321F11D40E39C00316E6C /* CommentViewModel.swift */,
				F74321F21D40E39C00316E6C /* FocusStateChangeModel.swift */,
				F74321F31D40E39C00316E6C /* QuestionAddedModel.swift */,
				F74321F41D40E39C00316E6C /* QuestionListModel.swift */,
				F74321F51D40E39C00316E6C /* QuestionNeedAnswerModel.swift */,
				F74321F61D40E39C00316E6C /* QusetionDetailModel.swift */,
				F74321F71D40E39C00316E6C /* RegisterModel.swift */,
				F74321F81D40E39C00316E6C /* User.swift */,
			);
			path = model;
			sourceTree = "<group>";
		};
		F74321F91D40E39C00316E6C /* network */ = {
			isa = PBXGroup;
			children = (
				F74321FA1D40E39C00316E6C /* HttpConstants.swift */,
				F74321FB1D40E39C00316E6C /* HttpHandler.swift */,
			);
			path = network;
			sourceTree = "<group>";
		};
		F74321FC1D40E39C00316E6C /* storyBoard */ = {
			isa = PBXGroup;
			children = (
				F74321FD1D40E39C00316E6C /* AnswerTheQuestion.storyboard */,
				F74321FE1D40E39C00316E6C /* Comment.storyboard */,
				F74321FF1D40E39C00316E6C /* Following.storyboard */,
				F74322001D40E39C00316E6C /* LanuchScreen.storyboard */,
				F74322011D40E39C00316E6C /* Main.storyboard */,
				F74322021D40E39C00316E6C /* Messages.storyboard */,
				F74322031D40E39C00316E6C /* Personal.storyboard */,
				F74322041D40E39C00316E6C /* Query.storyboard */,
				F74322051D40E39C00316E6C /* Question.storyboard */,
			);
			path = storyBoard;
			sourceTree = "<group>";
		};
		F74322061D40E39C00316E6C /* support */ = {
			isa = PBXGroup;
			children = (
				F74322071D40E39C00316E6C /* AppDelegate.swift */,
				F74322081D40E39C00316E6C /* Assets.xcassets */,
				F74322091D40E39C00316E6C /* ClassExtension.swift */,
				F743220A1D40E39C00316E6C /* Info.plist */,
				F743220B1D40E39C00316E6C /* Science_Plus-Bridging-Header.h */,
				F743220C1D40E39C00316E6C /* SwiftNotice.swift */,
				F743220D1D40E39C00316E6C /* UIScrollView+InfiniteScroll.h */,
			);
			path = support;
			sourceTree = "<group>";
		};
		F743220E1D40E39C00316E6C /* tools */ = {
			isa = PBXGroup;
			children = (
				F743220F1D40E39C00316E6C /* button */,
				F74322121D40E39C00316E6C /* indicator */,
				F74322141D40E39C00316E6C /* InfititeScrollerView.swift */,
				F74322151D40E39C00316E6C /* label */,
				F74322181D40E39C00316E6C /* MyTopicLabel.xib */,
				F74322191D40E39C00316E6C /* ScrollPager.swift */,
				F743221A1D40E39C00316E6C /* TestUITabTableViewCell.swift */,
				F743221B1D40E39C00316E6C /* TimeTransfer.swift */,
			);
			path = tools;
			sourceTree = "<group>";
		};
		F743220F1D40E39C00316E6C /* button */ = {
			isa = PBXGroup;
			children = (
				F74322101D40E39C00316E6C /* ColorStateButton.swift */,
				F74322111D40E39C00316E6C /* StateButton.swift */,
			);
			path = button;
			sourceTree = "<group>";
		};
		F74322121D40E39C00316E6C /* indicator */ = {
			isa = PBXGroup;
			children = (
				F74322131D40E39C00316E6C /* CustomTableIndicator.swift */,
			);
			path = indicator;
			sourceTree = "<group>";
		};
		F74322151D40E39C00316E6C /* label */ = {
			isa = PBXGroup;
			children = (
				F74322161D40E39C00316E6C /* MyTopicLabel.xib */,
				F74322171D40E39C00316E6C /* StateLabel.swift */,
			);
			path = label;
			sourceTree = "<group>";
		};
		F743221C1D40E39C00316E6C /* utils */ = {
			isa = PBXGroup;
			children = (
				F743221D1D40E39C00316E6C /* Constants.swift */,
			);
			path = utils;
			sourceTree = "<group>";
		};
		F7D593841D43AE3D00C6D436 /* persistance */ = {
			isa = PBXGroup;
			children = (
				F7D593851D43AE7600C6D436 /* ModelName.xcdatamodeld */,
			);
			path = persistance;
			sourceTree = "<group>";
		};
		F7EB5BC91CDD80DA007B5D64 = {
			isa = PBXGroup;
			children = (
				F7EB5BD41CDD80DA007B5D64 /* Science_Plus */,
				F7EB5BD31CDD80DA007B5D64 /* Products */,
				B81E47D4BA7628097FAAB650 /* Pods */,
				86A29458A5664CEB92C56F60 /* Frameworks */,
			);
			sourceTree = "<group>";
		};
		F7EB5BD31CDD80DA007B5D64 /* Products */ = {
			isa = PBXGroup;
			children = (
				F7EB5BD21CDD80DA007B5D64 /* Science_Plus.app */,
			);
			name = Products;
			sourceTree = "<group>";
		};
		F7EB5BD41CDD80DA007B5D64 /* Science_Plus */ = {
			isa = PBXGroup;
			children = (
				F7D593841D43AE3D00C6D436 /* persistance */,
				F74321BB1D40E39C00316E6C /* controller */,
				F74321E91D40E39C00316E6C /* entity */,
				F74321EC1D40E39C00316E6C /* model */,
				F74321F91D40E39C00316E6C /* network */,
				F74321FC1D40E39C00316E6C /* storyBoard */,
				F74322061D40E39C00316E6C /* support */,
				F743220E1D40E39C00316E6C /* tools */,
				F743221C1D40E39C00316E6C /* utils */,
			);
			path = Science_Plus;
			sourceTree = "<group>";
		};
/* End PBXGroup section */

/* Begin PBXNativeTarget section */
		F7EB5BD11CDD80DA007B5D64 /* Science_Plus */ = {
			isa = PBXNativeTarget;
			buildConfigurationList = F7EB5BE61CDD80DA007B5D64 /* Build configuration list for PBXNativeTarget "Science_Plus" */;
			buildPhases = (
				9277AE58D9E12D37418E6F6A /* 📦 Check Pods Manifest.lock */,
				F7EB5BCE1CDD80DA007B5D64 /* Sources */,
				F7EB5BCF1CDD80DA007B5D64 /* Frameworks */,
				F7EB5BD01CDD80DA007B5D64 /* Resources */,
				F75275137358ADB3A161B23D /* 📦 Embed Pods Frameworks */,
				6780DB8EEFCED719ED4F16E3 /* 📦 Copy Pods Resources */,
			);
			buildRules = (
			);
			dependencies = (
			);
			name = Science_Plus;
			productName = Science_Plus;
			productReference = F7EB5BD21CDD80DA007B5D64 /* Science_Plus.app */;
			productType = "com.apple.product-type.application";
		};
/* End PBXNativeTarget section */

/* Begin PBXProject section */
		F7EB5BCA1CDD80DA007B5D64 /* Project object */ = {
			isa = PBXProject;
			attributes = {
				LastSwiftUpdateCheck = 0730;
				LastUpgradeCheck = 0720;
				ORGANIZATIONNAME = Chem_Plus;
				TargetAttributes = {
					F7EB5BD11CDD80DA007B5D64 = {
						CreatedOnToolsVersion = 7.2;
					};
				};
			};
			buildConfigurationList = F7EB5BCD1CDD80DA007B5D64 /* Build configuration list for PBXProject "Science_Plus" */;
			compatibilityVersion = "Xcode 3.2";
			developmentRegion = English;
			hasScannedForEncodings = 0;
			knownRegions = (
				en,
				Base,
			);
			mainGroup = F7EB5BC91CDD80DA007B5D64;
			productRefGroup = F7EB5BD31CDD80DA007B5D64 /* Products */;
			projectDirPath = "";
			projectRoot = "";
			targets = (
				F7EB5BD11CDD80DA007B5D64 /* Science_Plus */,
			);
		};
/* End PBXProject section */

/* Begin PBXResourcesBuildPhase section */
		F7EB5BD01CDD80DA007B5D64 /* Resources */ = {
			isa = PBXResourcesBuildPhase;
			buildActionMask = 2147483647;
			files = (
				F74322551D40E39C00316E6C /* Messages.storyboard in Resources */,
				F74322511D40E39C00316E6C /* Comment.storyboard in Resources */,
				F74322621D40E39C00316E6C /* MyTopicLabel.xib in Resources */,
				F74322541D40E39C00316E6C /* Main.storyboard in Resources */,
				F74322641D40E39C00316E6C /* MyTopicLabel.xib in Resources */,
				F74322531D40E39C00316E6C /* LanuchScreen.storyboard in Resources */,
				F743225A1D40E39C00316E6C /* Assets.xcassets in Resources */,
				F74322521D40E39C00316E6C /* Following.storyboard in Resources */,
				F74322581D40E39C00316E6C /* Question.storyboard in Resources */,
				F74322571D40E39C00316E6C /* Query.storyboard in Resources */,
				F743225C1D40E39C00316E6C /* Info.plist in Resources */,
				F74322501D40E39C00316E6C /* AnswerTheQuestion.storyboard in Resources */,
				F74322561D40E39C00316E6C /* Personal.storyboard in Resources */,
			);
			runOnlyForDeploymentPostprocessing = 0;
		};
/* End PBXResourcesBuildPhase section */

/* Begin PBXShellScriptBuildPhase section */
		6780DB8EEFCED719ED4F16E3 /* 📦 Copy Pods Resources */ = {
			isa = PBXShellScriptBuildPhase;
			buildActionMask = 2147483647;
			files = (
			);
			inputPaths = (
			);
			name = "📦 Copy Pods Resources";
			outputPaths = (
			);
			runOnlyForDeploymentPostprocessing = 0;
			shellPath = /bin/sh;
			shellScript = "\"${SRCROOT}/Pods/Target Support Files/Pods-Science_Plus/Pods-Science_Plus-resources.sh\"\n";
			showEnvVarsInLog = 0;
		};
		9277AE58D9E12D37418E6F6A /* 📦 Check Pods Manifest.lock */ = {
			isa = PBXShellScriptBuildPhase;
			buildActionMask = 2147483647;
			files = (
			);
			inputPaths = (
			);
			name = "📦 Check Pods Manifest.lock";
			outputPaths = (
			);
			runOnlyForDeploymentPostprocessing = 0;
			shellPath = /bin/sh;
			shellScript = "diff \"${PODS_ROOT}/../Podfile.lock\" \"${PODS_ROOT}/Manifest.lock\" > /dev/null\nif [[ $? != 0 ]] ; then\n    cat << EOM\nerror: The sandbox is not in sync with the Podfile.lock. Run 'pod install' or update your CocoaPods installation.\nEOM\n    exit 1\nfi\n";
			showEnvVarsInLog = 0;
		};
		F75275137358ADB3A161B23D /* 📦 Embed Pods Frameworks */ = {
			isa = PBXShellScriptBuildPhase;
			buildActionMask = 2147483647;
			files = (
			);
			inputPaths = (
			);
			name = "📦 Embed Pods Frameworks";
			outputPaths = (
			);
			runOnlyForDeploymentPostprocessing = 0;
			shellPath = /bin/sh;
			shellScript = "\"${SRCROOT}/Pods/Target Support Files/Pods-Science_Plus/Pods-Science_Plus-frameworks.sh\"\n";
			showEnvVarsInLog = 0;
		};
/* End PBXShellScriptBuildPhase section */

/* Begin PBXSourcesBuildPhase section */
		F7EB5BCE1CDD80DA007B5D64 /* Sources */ = {
			isa = PBXSourcesBuildPhase;
			buildActionMask = 2147483647;
			files = (
				F74322391D40E39C00316E6C /* CommentViewController.swift in Sources */,
				F74322481D40E39C00316E6C /* QuestionAddedModel.swift in Sources */,
				F743222E1D40E39C00316E6C /* PersonDetailTableViewController.swift in Sources */,
				F74322491D40E39C00316E6C /* QuestionListModel.swift in Sources */,
				F743223D1D40E39C00316E6C /* ShowAnswerDetailViewController.swift in Sources */,
				F74322371D40E39C00316E6C /* QuestionTableViewCell.swift in Sources */,
				F74322351D40E39C00316E6C /* QAnswerTableViewCell.swift in Sources */,
				F74322651D40E39C00316E6C /* ScrollPager.swift in Sources */,
				F74322221D40E39C00316E6C /* NoticAgreeTableViewCell.swift in Sources */,
				F74322681D40E39C00316E6C /* Constants.swift in Sources */,
				F74322251D40E39C00316E6C /* letterTableViewController.swift in Sources */,
				F743225E1D40E39C00316E6C /* ColorStateButton.swift in Sources */,
				F74322631D40E39C00316E6C /* StateLabel.swift in Sources */,
				F74322341D40E39C00316E6C /* MyTopicScrollView.swift in Sources */,
				F74322471D40E39C00316E6C /* FocusStateChangeModel.swift in Sources */,
				F74322611D40E39C00316E6C /* InfititeScrollerView.swift in Sources */,
				F743224C1D40E39C00316E6C /* RegisterModel.swift in Sources */,
				F743225D1D40E39C00316E6C /* SwiftNotice.swift in Sources */,
				F743223C1D40E39C00316E6C /* QuestionViewController.swift in Sources */,
				F743222A1D40E39C00316E6C /* FocusTableViewController.swift in Sources */,
				F74322261D40E39C00316E6C /* MessageDetailViewController.swift in Sources */,
				F74322591D40E39C00316E6C /* AppDelegate.swift in Sources */,
				F743223E1D40E39C00316E6C /* TotalViewController.swift in Sources */,
				F74322211D40E39C00316E6C /* agreeTableViewController.swift in Sources */,
				F743223F1D40E39C00316E6C /* RegisterViewController.swift in Sources */,
				F74322441D40E39C00316E6C /* AnswerStateChangeModel.swift in Sources */,
				F74322461D40E39C00316E6C /* CommentViewModel.swift in Sources */,
				044389661D41BD3E00D2D5E9 /* PersonDetailEditTableViewController.swift in Sources */,
				F74322671D40E39C00316E6C /* TimeTransfer.swift in Sources */,
				F743224D1D40E39C00316E6C /* User.swift in Sources */,
				F74322291D40E39C00316E6C /* FocusQuestionTableViewController.swift in Sources */,
				F74322451D40E39C00316E6C /* CommentAddedModel.swift in Sources */,
				F7D593871D43AE7600C6D436 /* ModelName.xcdatamodeld in Sources */,
				F74322271D40E39C00316E6C /* MessageViewController.swift in Sources */,
				F743222B1D40E39C00316E6C /* MyAnswerTableViewController.swift in Sources */,
				F74322401D40E39C00316E6C /* Answer.swift in Sources */,
				F74322311D40E39C00316E6C /* QueryViewController.swift in Sources */,
				F74322201D40E39C00316E6C /* LoginViewController.swift in Sources */,
				F743225F1D40E39C00316E6C /* StateButton.swift in Sources */,
				F743224B1D40E39C00316E6C /* QusetionDetailModel.swift in Sources */,
				F74322331D40E39C00316E6C /* CommentTableViewCell.swift in Sources */,
				F743224F1D40E39C00316E6C /* HttpHandler.swift in Sources */,
				F74322411D40E39C00316E6C /* Question.swift in Sources */,
				F743223A1D40E39C00316E6C /* QAnswerViewController.swift in Sources */,
				F74322601D40E39C00316E6C /* CustomTableIndicator.swift in Sources */,
				F74322321D40E39C00316E6C /* AnswerDetailViewController.swift in Sources */,
				F74322281D40E39C00316E6C /* NotificationTableViewController.swift in Sources */,
				F74322661D40E39C00316E6C /* TestUITabTableViewCell.swift in Sources */,
				F743222C1D40E39C00316E6C /* PersonalTableViewController.swift in Sources */,
				F743223B1D40E39C00316E6C /* QuestionNeedAnswerViewController.swift in Sources */,
				F74322361D40E39C00316E6C /* QuestionNeedAnswerTableViewCell.swift in Sources */,
				F743222F1D40E39C00316E6C /* QueryDetialViewController.swift in Sources */,
				F743221F1D40E39C00316E6C /* AddCommentViewController.swift in Sources */,
				F743221E1D40E39C00316E6C /* AnswerTheQuestionViewController.swift in Sources */,
				F743225B1D40E39C00316E6C /* ClassExtension.swift in Sources */,
				F743224A1D40E39C00316E6C /* QuestionNeedAnswerModel.swift in Sources */,
				F74322301D40E39C00316E6C /* QueryTagViewController.swift in Sources */,
				F74322231D40E39C00316E6C /* NoticAnswerTableViewCell.swift in Sources */,
				F74322241D40E39C00316E6C /* NoticOtherTableViewCell.swift in Sources */,
				F74322381D40E39C00316E6C /* Comment.swift in Sources */,
				F743222D1D40E39C00316E6C /* PersonDataChangeViewControllerTableViewController.swift in Sources */,
				F743224E1D40E39C00316E6C /* HttpConstants.swift in Sources */,
				F74322431D40E39C00316E6C /* AnswerDetailModel.swift in Sources */,
				F74322421D40E39C00316E6C /* AnswerAddedModel.swift in Sources */,
			);
			runOnlyForDeploymentPostprocessing = 0;
		};
/* End PBXSourcesBuildPhase section */

/* Begin XCBuildConfiguration section */
		F7EB5BE41CDD80DA007B5D64 /* Debug */ = {
			isa = XCBuildConfiguration;
			buildSettings = {
				ALWAYS_SEARCH_USER_PATHS = NO;
				CLANG_CXX_LANGUAGE_STANDARD = "gnu++0x";
				CLANG_CXX_LIBRARY = "libc++";
				CLANG_ENABLE_MODULES = YES;
				CLANG_ENABLE_OBJC_ARC = YES;
				CLANG_WARN_BOOL_CONVERSION = YES;
				CLANG_WARN_CONSTANT_CONVERSION = YES;
				CLANG_WARN_DIRECT_OBJC_ISA_USAGE = YES_ERROR;
				CLANG_WARN_EMPTY_BODY = YES;
				CLANG_WARN_ENUM_CONVERSION = YES;
				CLANG_WARN_INT_CONVERSION = YES;
				CLANG_WARN_OBJC_ROOT_CLASS = YES_ERROR;
				CLANG_WARN_UNREACHABLE_CODE = YES;
				CLANG_WARN__DUPLICATE_METHOD_MATCH = YES;
				"CODE_SIGN_IDENTITY[sdk=iphoneos*]" = "iPhone Developer";
				COPY_PHASE_STRIP = NO;
				DEBUG_INFORMATION_FORMAT = dwarf;
				ENABLE_STRICT_OBJC_MSGSEND = YES;
				ENABLE_TESTABILITY = YES;
				GCC_C_LANGUAGE_STANDARD = gnu99;
				GCC_DYNAMIC_NO_PIC = NO;
				GCC_NO_COMMON_BLOCKS = YES;
				GCC_OPTIMIZATION_LEVEL = 0;
				GCC_PREPROCESSOR_DEFINITIONS = (
					"DEBUG=1",
					"$(inherited)",
				);
				GCC_WARN_64_TO_32_BIT_CONVERSION = YES;
				GCC_WARN_ABOUT_RETURN_TYPE = YES_ERROR;
				GCC_WARN_UNDECLARED_SELECTOR = YES;
				GCC_WARN_UNINITIALIZED_AUTOS = YES_AGGRESSIVE;
				GCC_WARN_UNUSED_FUNCTION = YES;
				GCC_WARN_UNUSED_VARIABLE = YES;
				IPHONEOS_DEPLOYMENT_TARGET = 9.2;
				MTL_ENABLE_DEBUG_INFO = YES;
				ONLY_ACTIVE_ARCH = YES;
				SDKROOT = iphoneos;
				SWIFT_OPTIMIZATION_LEVEL = "-Onone";
			};
			name = Debug;
		};
		F7EB5BE51CDD80DA007B5D64 /* Release */ = {
			isa = XCBuildConfiguration;
			buildSettings = {
				ALWAYS_SEARCH_USER_PATHS = NO;
				CLANG_CXX_LANGUAGE_STANDARD = "gnu++0x";
				CLANG_CXX_LIBRARY = "libc++";
				CLANG_ENABLE_MODULES = YES;
				CLANG_ENABLE_OBJC_ARC = YES;
				CLANG_WARN_BOOL_CONVERSION = YES;
				CLANG_WARN_CONSTANT_CONVERSION = YES;
				CLANG_WARN_DIRECT_OBJC_ISA_USAGE = YES_ERROR;
				CLANG_WARN_EMPTY_BODY = YES;
				CLANG_WARN_ENUM_CONVERSION = YES;
				CLANG_WARN_INT_CONVERSION = YES;
				CLANG_WARN_OBJC_ROOT_CLASS = YES_ERROR;
				CLANG_WARN_UNREACHABLE_CODE = YES;
				CLANG_WARN__DUPLICATE_METHOD_MATCH = YES;
				"CODE_SIGN_IDENTITY[sdk=iphoneos*]" = "iPhone Developer";
				COPY_PHASE_STRIP = NO;
				DEBUG_INFORMATION_FORMAT = "dwarf-with-dsym";
				ENABLE_NS_ASSERTIONS = NO;
				ENABLE_STRICT_OBJC_MSGSEND = YES;
				GCC_C_LANGUAGE_STANDARD = gnu99;
				GCC_NO_COMMON_BLOCKS = YES;
				GCC_WARN_64_TO_32_BIT_CONVERSION = YES;
				GCC_WARN_ABOUT_RETURN_TYPE = YES_ERROR;
				GCC_WARN_UNDECLARED_SELECTOR = YES;
				GCC_WARN_UNINITIALIZED_AUTOS = YES_AGGRESSIVE;
				GCC_WARN_UNUSED_FUNCTION = YES;
				GCC_WARN_UNUSED_VARIABLE = YES;
				IPHONEOS_DEPLOYMENT_TARGET = 9.2;
				MTL_ENABLE_DEBUG_INFO = NO;
				SDKROOT = iphoneos;
				VALIDATE_PRODUCT = YES;
			};
			name = Release;
		};
		F7EB5BE71CDD80DA007B5D64 /* Debug */ = {
			isa = XCBuildConfiguration;
			baseConfigurationReference = 44BB97955665B6557CFBE43B /* Pods-Science_Plus.debug.xcconfig */;
			buildSettings = {
				ASSETCATALOG_COMPILER_APPICON_NAME = "AppIcon-1";
				ASSETCATALOG_COMPILER_LAUNCHIMAGE_NAME = LaunchImage;
				CLANG_ENABLE_MODULES = YES;
				INFOPLIST_FILE = Science_Plus/support/Info.plist;
				LD_RUNPATH_SEARCH_PATHS = "$(inherited) @executable_path/Frameworks";
				PRODUCT_BUNDLE_IDENTIFIER = com.kubi.quark;
				PRODUCT_NAME = "$(TARGET_NAME)";
				SWIFT_OBJC_BRIDGING_HEADER = "Science_Plus/support/Science_Plus-Bridging-Header.h";
				SWIFT_OPTIMIZATION_LEVEL = "-Onone";
			};
			name = Debug;
		};
		F7EB5BE81CDD80DA007B5D64 /* Release */ = {
			isa = XCBuildConfiguration;
			baseConfigurationReference = D9567110461E3777EC7801A8 /* Pods-Science_Plus.release.xcconfig */;
			buildSettings = {
				ASSETCATALOG_COMPILER_APPICON_NAME = "AppIcon-1";
				ASSETCATALOG_COMPILER_LAUNCHIMAGE_NAME = LaunchImage;
				CLANG_ENABLE_MODULES = YES;
				INFOPLIST_FILE = Science_Plus/support/Info.plist;
				LD_RUNPATH_SEARCH_PATHS = "$(inherited) @executable_path/Frameworks";
				PRODUCT_BUNDLE_IDENTIFIER = com.kubi.quark;
				PRODUCT_NAME = "$(TARGET_NAME)";
				SWIFT_OBJC_BRIDGING_HEADER = "Science_Plus/support/Science_Plus-Bridging-Header.h";
				SWIFT_OPTIMIZATION_LEVEL = "-Onone";
			};
			name = Release;
		};
/* End XCBuildConfiguration section */

/* Begin XCConfigurationList section */
		F7EB5BCD1CDD80DA007B5D64 /* Build configuration list for PBXProject "Science_Plus" */ = {
			isa = XCConfigurationList;
			buildConfigurations = (
				F7EB5BE41CDD80DA007B5D64 /* Debug */,
				F7EB5BE51CDD80DA007B5D64 /* Release */,
			);
			defaultConfigurationIsVisible = 0;
			defaultConfigurationName = Release;
		};
		F7EB5BE61CDD80DA007B5D64 /* Build configuration list for PBXNativeTarget "Science_Plus" */ = {
			isa = XCConfigurationList;
			buildConfigurations = (
				F7EB5BE71CDD80DA007B5D64 /* Debug */,
				F7EB5BE81CDD80DA007B5D64 /* Release */,
			);
			defaultConfigurationIsVisible = 0;
			defaultConfigurationName = Release;
		};
/* End XCConfigurationList section */

/* Begin XCVersionGroup section */
		F7D593851D43AE7600C6D436 /* ModelName.xcdatamodeld */ = {
			isa = XCVersionGroup;
			children = (
				F7D593861D43AE7600C6D436 /* ModelName.xcdatamodel */,
			);
			currentVersion = F7D593861D43AE7600C6D436 /* ModelName.xcdatamodel */;
			path = ModelName.xcdatamodeld;
			sourceTree = "<group>";
			versionGroupType = wrapper.xcdatamodel;
		};
/* End XCVersionGroup section */
	};
	rootObject = F7EB5BCA1CDD80DA007B5D64 /* Project object */;
}
